// !$*UTF8*$!
{
	archiveVersion = 1;
	classes = {
	};
	objectVersion = 56;
	objects = {

/* Begin PBXBuildFile section */
		2FE785472D3A6269002C2B71 /* JSONDecoder+Utility.swift in Sources */ = {isa = PBXBuildFile; fileRef = 2FE785462D3A6269002C2B71 /* JSONDecoder+Utility.swift */; };
		2FE7854A2D3A7428002C2B71 /* AssetsNetworkService.swift in Sources */ = {isa = PBXBuildFile; fileRef = 2FE785492D3A7428002C2B71 /* AssetsNetworkService.swift */; };
		2FE7854C2D3A7486002C2B71 /* ExchangeRateNetworkService.swift in Sources */ = {isa = PBXBuildFile; fileRef = 2FE7854B2D3A7486002C2B71 /* ExchangeRateNetworkService.swift */; };
		2FE785512D3A753C002C2B71 /* Factory in Frameworks */ = {isa = PBXBuildFile; productRef = 2FE785502D3A753C002C2B71 /* Factory */; };
		2FE785532D3A7611002C2B71 /* NetworkError.swift in Sources */ = {isa = PBXBuildFile; fileRef = 2FE785522D3A7611002C2B71 /* NetworkError.swift */; };
		2FE785552D3A7635002C2B71 /* Host.swift in Sources */ = {isa = PBXBuildFile; fileRef = 2FE785542D3A7635002C2B71 /* Host.swift */; };
		2FE785572D3A766E002C2B71 /* Resource.swift in Sources */ = {isa = PBXBuildFile; fileRef = 2FE785562D3A766E002C2B71 /* Resource.swift */; };
		2FE7855A2D3A76A0002C2B71 /* AssetsResource.swift in Sources */ = {isa = PBXBuildFile; fileRef = 2FE785592D3A76A0002C2B71 /* AssetsResource.swift */; };
		2FE7855C2D3A7768002C2B71 /* ExchangeRateResource.swift in Sources */ = {isa = PBXBuildFile; fileRef = 2FE7855B2D3A7768002C2B71 /* ExchangeRateResource.swift */; };
		2FE785602D3A79DC002C2B71 /* URL+ExpressibleByStringLiteral.swift in Sources */ = {isa = PBXBuildFile; fileRef = 2FE7855F2D3A79DC002C2B71 /* URL+ExpressibleByStringLiteral.swift */; };
		2FE785622D3A7B9E002C2B71 /* RequestDecorator.swift in Sources */ = {isa = PBXBuildFile; fileRef = 2FE785612D3A7B9E002C2B71 /* RequestDecorator.swift */; };
		2FFE1EE92D3A80CE000EE296 /* Optional+Utility.swift in Sources */ = {isa = PBXBuildFile; fileRef = 2FFE1EE82D3A80CE000EE296 /* Optional+Utility.swift */; };
		2FFE1EEC2D3A875D000EE296 /* NukeUI in Frameworks */ = {isa = PBXBuildFile; productRef = 2FFE1EEB2D3A875D000EE296 /* NukeUI */; };
		2FFE1EEE2D3D1600000EE296 /* Task+Utility.swift in Sources */ = {isa = PBXBuildFile; fileRef = 2FFE1EED2D3D1600000EE296 /* Task+Utility.swift */; };
		84E0D1C42D1AE26C00A55CCB /* WB_Test_TemplateApp.swift in Sources */ = {isa = PBXBuildFile; fileRef = 84E0D1C32D1AE26C00A55CCB /* WB_Test_TemplateApp.swift */; };
		84E0D1C62D1AE26C00A55CCB /* WB_Test_TemplateDocument.swift in Sources */ = {isa = PBXBuildFile; fileRef = 84E0D1C52D1AE26C00A55CCB /* WB_Test_TemplateDocument.swift */; };
		84E0D1C82D1AE26C00A55CCB /* ContentView.swift in Sources */ = {isa = PBXBuildFile; fileRef = 84E0D1C72D1AE26C00A55CCB /* ContentView.swift */; };
		84E0D1CA2D1AE26E00A55CCB /* Assets.xcassets in Resources */ = {isa = PBXBuildFile; fileRef = 84E0D1C92D1AE26E00A55CCB /* Assets.xcassets */; };
		84E0D1CD2D1AE26E00A55CCB /* Preview Assets.xcassets in Resources */ = {isa = PBXBuildFile; fileRef = 84E0D1CC2D1AE26E00A55CCB /* Preview Assets.xcassets */; };
		84E0D1D82D1AE26E00A55CCB /* WB_Test_TemplateTests.swift in Sources */ = {isa = PBXBuildFile; fileRef = 84E0D1D72D1AE26E00A55CCB /* WB_Test_TemplateTests.swift */; };
		84E0D1E22D1AE26E00A55CCB /* WB_Test_TemplateUITests.swift in Sources */ = {isa = PBXBuildFile; fileRef = 84E0D1E12D1AE26E00A55CCB /* WB_Test_TemplateUITests.swift */; };
		84E0D1E42D1AE26E00A55CCB /* WB_Test_TemplateUITestsLaunchTests.swift in Sources */ = {isa = PBXBuildFile; fileRef = 84E0D1E32D1AE26E00A55CCB /* WB_Test_TemplateUITestsLaunchTests.swift */; };
		84E0D1F92D1AE64400A55CCB /* NetworkService.swift in Sources */ = {isa = PBXBuildFile; fileRef = 84E0D1F02D1AE64400A55CCB /* NetworkService.swift */; };
		84E0D1FA2D1AE64400A55CCB /* Asset.swift in Sources */ = {isa = PBXBuildFile; fileRef = 84E0D1F22D1AE64400A55CCB /* Asset.swift */; };
		84E0D1FB2D1AE64400A55CCB /* AssetDetailView.swift in Sources */ = {isa = PBXBuildFile; fileRef = 84E0D1F42D1AE64400A55CCB /* AssetDetailView.swift */; };
		84E0D1FC2D1AE64400A55CCB /* AssetListView.swift in Sources */ = {isa = PBXBuildFile; fileRef = 84E0D1F52D1AE64400A55CCB /* AssetListView.swift */; };
		84E0D1FD2D1AE64400A55CCB /* AssetListViewModel.swift in Sources */ = {isa = PBXBuildFile; fileRef = 84E0D1F72D1AE64400A55CCB /* AssetListViewModel.swift */; };
/* End PBXBuildFile section */

/* Begin PBXContainerItemProxy section */
		84E0D1D42D1AE26E00A55CCB /* PBXContainerItemProxy */ = {
			isa = PBXContainerItemProxy;
			containerPortal = 84E0D1B82D1AE26C00A55CCB /* Project object */;
			proxyType = 1;
			remoteGlobalIDString = 84E0D1BF2D1AE26C00A55CCB;
			remoteInfo = "WB-Test-Template";
		};
		84E0D1DE2D1AE26E00A55CCB /* PBXContainerItemProxy */ = {
			isa = PBXContainerItemProxy;
			containerPortal = 84E0D1B82D1AE26C00A55CCB /* Project object */;
			proxyType = 1;
			remoteGlobalIDString = 84E0D1BF2D1AE26C00A55CCB;
			remoteInfo = "WB-Test-Template";
		};
/* End PBXContainerItemProxy section */

/* Begin PBXFileReference section */
		2FE785462D3A6269002C2B71 /* JSONDecoder+Utility.swift */ = {isa = PBXFileReference; lastKnownFileType = sourcecode.swift; path = "JSONDecoder+Utility.swift"; sourceTree = "<group>"; };
		2FE785492D3A7428002C2B71 /* AssetsNetworkService.swift */ = {isa = PBXFileReference; lastKnownFileType = sourcecode.swift; path = AssetsNetworkService.swift; sourceTree = "<group>"; };
		2FE7854B2D3A7486002C2B71 /* ExchangeRateNetworkService.swift */ = {isa = PBXFileReference; lastKnownFileType = sourcecode.swift; path = ExchangeRateNetworkService.swift; sourceTree = "<group>"; };
		2FE785522D3A7611002C2B71 /* NetworkError.swift */ = {isa = PBXFileReference; lastKnownFileType = sourcecode.swift; path = NetworkError.swift; sourceTree = "<group>"; };
		2FE785542D3A7635002C2B71 /* Host.swift */ = {isa = PBXFileReference; lastKnownFileType = sourcecode.swift; path = Host.swift; sourceTree = "<group>"; };
		2FE785562D3A766E002C2B71 /* Resource.swift */ = {isa = PBXFileReference; lastKnownFileType = sourcecode.swift; path = Resource.swift; sourceTree = "<group>"; };
		2FE785592D3A76A0002C2B71 /* AssetsResource.swift */ = {isa = PBXFileReference; lastKnownFileType = sourcecode.swift; path = AssetsResource.swift; sourceTree = "<group>"; };
		2FE7855B2D3A7768002C2B71 /* ExchangeRateResource.swift */ = {isa = PBXFileReference; lastKnownFileType = sourcecode.swift; path = ExchangeRateResource.swift; sourceTree = "<group>"; };
		2FE7855F2D3A79DC002C2B71 /* URL+ExpressibleByStringLiteral.swift */ = {isa = PBXFileReference; lastKnownFileType = sourcecode.swift; path = "URL+ExpressibleByStringLiteral.swift"; sourceTree = "<group>"; };
		2FE785612D3A7B9E002C2B71 /* RequestDecorator.swift */ = {isa = PBXFileReference; lastKnownFileType = sourcecode.swift; path = RequestDecorator.swift; sourceTree = "<group>"; };
		2FFE1EE82D3A80CE000EE296 /* Optional+Utility.swift */ = {isa = PBXFileReference; lastKnownFileType = sourcecode.swift; path = "Optional+Utility.swift"; sourceTree = "<group>"; };
		2FFE1EED2D3D1600000EE296 /* Task+Utility.swift */ = {isa = PBXFileReference; lastKnownFileType = sourcecode.swift; path = "Task+Utility.swift"; sourceTree = "<group>"; };
		84E0D1C02D1AE26C00A55CCB /* WB-Test-Template.app */ = {isa = PBXFileReference; explicitFileType = wrapper.application; includeInIndex = 0; path = "WB-Test-Template.app"; sourceTree = BUILT_PRODUCTS_DIR; };
		84E0D1C32D1AE26C00A55CCB /* WB_Test_TemplateApp.swift */ = {isa = PBXFileReference; lastKnownFileType = sourcecode.swift; path = WB_Test_TemplateApp.swift; sourceTree = "<group>"; };
		84E0D1C52D1AE26C00A55CCB /* WB_Test_TemplateDocument.swift */ = {isa = PBXFileReference; lastKnownFileType = sourcecode.swift; path = WB_Test_TemplateDocument.swift; sourceTree = "<group>"; };
		84E0D1C72D1AE26C00A55CCB /* ContentView.swift */ = {isa = PBXFileReference; lastKnownFileType = sourcecode.swift; path = ContentView.swift; sourceTree = "<group>"; };
		84E0D1C92D1AE26E00A55CCB /* Assets.xcassets */ = {isa = PBXFileReference; lastKnownFileType = folder.assetcatalog; path = Assets.xcassets; sourceTree = "<group>"; };
		84E0D1CC2D1AE26E00A55CCB /* Preview Assets.xcassets */ = {isa = PBXFileReference; lastKnownFileType = folder.assetcatalog; path = "Preview Assets.xcassets"; sourceTree = "<group>"; };
		84E0D1CE2D1AE26E00A55CCB /* Info.plist */ = {isa = PBXFileReference; lastKnownFileType = text.plist.xml; path = Info.plist; sourceTree = "<group>"; };
		84E0D1D32D1AE26E00A55CCB /* WB-Test-TemplateTests.xctest */ = {isa = PBXFileReference; explicitFileType = wrapper.cfbundle; includeInIndex = 0; path = "WB-Test-TemplateTests.xctest"; sourceTree = BUILT_PRODUCTS_DIR; };
		84E0D1D72D1AE26E00A55CCB /* WB_Test_TemplateTests.swift */ = {isa = PBXFileReference; lastKnownFileType = sourcecode.swift; path = WB_Test_TemplateTests.swift; sourceTree = "<group>"; };
		84E0D1DD2D1AE26E00A55CCB /* WB-Test-TemplateUITests.xctest */ = {isa = PBXFileReference; explicitFileType = wrapper.cfbundle; includeInIndex = 0; path = "WB-Test-TemplateUITests.xctest"; sourceTree = BUILT_PRODUCTS_DIR; };
		84E0D1E12D1AE26E00A55CCB /* WB_Test_TemplateUITests.swift */ = {isa = PBXFileReference; lastKnownFileType = sourcecode.swift; path = WB_Test_TemplateUITests.swift; sourceTree = "<group>"; };
		84E0D1E32D1AE26E00A55CCB /* WB_Test_TemplateUITestsLaunchTests.swift */ = {isa = PBXFileReference; lastKnownFileType = sourcecode.swift; path = WB_Test_TemplateUITestsLaunchTests.swift; sourceTree = "<group>"; };
		84E0D1F02D1AE64400A55CCB /* NetworkService.swift */ = {isa = PBXFileReference; fileEncoding = 4; lastKnownFileType = sourcecode.swift; path = NetworkService.swift; sourceTree = "<group>"; };
		84E0D1F22D1AE64400A55CCB /* Asset.swift */ = {isa = PBXFileReference; fileEncoding = 4; lastKnownFileType = sourcecode.swift; path = Asset.swift; sourceTree = "<group>"; };
		84E0D1F42D1AE64400A55CCB /* AssetDetailView.swift */ = {isa = PBXFileReference; fileEncoding = 4; lastKnownFileType = sourcecode.swift; path = AssetDetailView.swift; sourceTree = "<group>"; };
		84E0D1F52D1AE64400A55CCB /* AssetListView.swift */ = {isa = PBXFileReference; fileEncoding = 4; lastKnownFileType = sourcecode.swift; path = AssetListView.swift; sourceTree = "<group>"; };
		84E0D1F72D1AE64400A55CCB /* AssetListViewModel.swift */ = {isa = PBXFileReference; fileEncoding = 4; lastKnownFileType = sourcecode.swift; path = AssetListViewModel.swift; sourceTree = "<group>"; };
/* End PBXFileReference section */

/* Begin PBXFrameworksBuildPhase section */
		84E0D1BD2D1AE26C00A55CCB /* Frameworks */ = {
			isa = PBXFrameworksBuildPhase;
			buildActionMask = 2147483647;
			files = (
				2FE785512D3A753C002C2B71 /* Factory in Frameworks */,
				2FFE1EEC2D3A875D000EE296 /* NukeUI in Frameworks */,
			);
			runOnlyForDeploymentPostprocessing = 0;
		};
		84E0D1D02D1AE26E00A55CCB /* Frameworks */ = {
			isa = PBXFrameworksBuildPhase;
			buildActionMask = 2147483647;
			files = (
			);
			runOnlyForDeploymentPostprocessing = 0;
		};
		84E0D1DA2D1AE26E00A55CCB /* Frameworks */ = {
			isa = PBXFrameworksBuildPhase;
			buildActionMask = 2147483647;
			files = (
			);
			runOnlyForDeploymentPostprocessing = 0;
		};
/* End PBXFrameworksBuildPhase section */

/* Begin PBXGroup section */
		2FE785442D3A6252002C2B71 /* Extensions */ = {
			isa = PBXGroup;
			children = (
				2FE785452D3A6260002C2B71 /* Foundation */,
			);
			path = Extensions;
			sourceTree = "<group>";
		};
		2FE785452D3A6260002C2B71 /* Foundation */ = {
			isa = PBXGroup;
			children = (
				2FE785462D3A6269002C2B71 /* JSONDecoder+Utility.swift */,
				2FFE1EE82D3A80CE000EE296 /* Optional+Utility.swift */,
				2FE7855F2D3A79DC002C2B71 /* URL+ExpressibleByStringLiteral.swift */,
				2FFE1EED2D3D1600000EE296 /* Task+Utility.swift */,
			);
			path = Foundation;
			sourceTree = "<group>";
		};
		2FE785482D3A723B002C2B71 /* Networking */ = {
			isa = PBXGroup;
			children = (
				2FE785582D3A7699002C2B71 /* Resources */,
				2FE7855D2D3A77F1002C2B71 /* Services */,
				2FE7855E2D3A77FE002C2B71 /* Utility */,
			);
			path = Networking;
			sourceTree = "<group>";
		};
		2FE7854F2D3A753C002C2B71 /* Frameworks */ = {
			isa = PBXGroup;
			children = (
			);
			name = Frameworks;
			sourceTree = "<group>";
		};
		2FE785582D3A7699002C2B71 /* Resources */ = {
			isa = PBXGroup;
			children = (
				2FE785592D3A76A0002C2B71 /* AssetsResource.swift */,
				2FE7855B2D3A7768002C2B71 /* ExchangeRateResource.swift */,
				2FE785562D3A766E002C2B71 /* Resource.swift */,
			);
			path = Resources;
			sourceTree = "<group>";
		};
		2FE7855D2D3A77F1002C2B71 /* Services */ = {
			isa = PBXGroup;
			children = (
				2FE785492D3A7428002C2B71 /* AssetsNetworkService.swift */,
				2FE7854B2D3A7486002C2B71 /* ExchangeRateNetworkService.swift */,
				84E0D1F02D1AE64400A55CCB /* NetworkService.swift */,
			);
			path = Services;
			sourceTree = "<group>";
		};
		2FE7855E2D3A77FE002C2B71 /* Utility */ = {
			isa = PBXGroup;
			children = (
				2FE785542D3A7635002C2B71 /* Host.swift */,
				2FE785522D3A7611002C2B71 /* NetworkError.swift */,
				2FE785612D3A7B9E002C2B71 /* RequestDecorator.swift */,
			);
			path = Utility;
			sourceTree = "<group>";
		};
		2FFE1EEF2D3D1777000EE296 /* Common */ = {
			isa = PBXGroup;
			children = (
				2FE785442D3A6252002C2B71 /* Extensions */,
				84E0D1F32D1AE64400A55CCB /* Models */,
				84E0D1F12D1AE64400A55CCB /* Services */,
			);
			path = Common;
			sourceTree = "<group>";
		};
		84E0D1B72D1AE26C00A55CCB = {
			isa = PBXGroup;
			children = (
				84E0D1C22D1AE26C00A55CCB /* WB-Test-Template */,
				84E0D1D62D1AE26E00A55CCB /* WB-Test-TemplateTests */,
				84E0D1E02D1AE26E00A55CCB /* WB-Test-TemplateUITests */,
				2FE7854F2D3A753C002C2B71 /* Frameworks */,
				84E0D1C12D1AE26C00A55CCB /* Products */,
			);
			sourceTree = "<group>";
		};
		84E0D1C12D1AE26C00A55CCB /* Products */ = {
			isa = PBXGroup;
			children = (
				84E0D1C02D1AE26C00A55CCB /* WB-Test-Template.app */,
				84E0D1D32D1AE26E00A55CCB /* WB-Test-TemplateTests.xctest */,
				84E0D1DD2D1AE26E00A55CCB /* WB-Test-TemplateUITests.xctest */,
			);
			name = Products;
			sourceTree = "<group>";
		};
		84E0D1C22D1AE26C00A55CCB /* WB-Test-Template */ = {
			isa = PBXGroup;
			children = (
				84E0D1CE2D1AE26E00A55CCB /* Info.plist */,
				84E0D1C72D1AE26C00A55CCB /* ContentView.swift */,
				84E0D1C32D1AE26C00A55CCB /* WB_Test_TemplateApp.swift */,
				84E0D1C52D1AE26C00A55CCB /* WB_Test_TemplateDocument.swift */,
				84E0D1C92D1AE26E00A55CCB /* Assets.xcassets */,
				2FFE1EEF2D3D1777000EE296 /* Common */,
				84E0D1CB2D1AE26E00A55CCB /* Preview Content */,
				84E0D1F82D1AE64400A55CCB /* View Models */,
				84E0D1F62D1AE64400A55CCB /* Views */,
			);
			path = "WB-Test-Template";
			sourceTree = "<group>";
		};
		84E0D1CB2D1AE26E00A55CCB /* Preview Content */ = {
			isa = PBXGroup;
			children = (
				84E0D1CC2D1AE26E00A55CCB /* Preview Assets.xcassets */,
			);
			path = "Preview Content";
			sourceTree = "<group>";
		};
		84E0D1D62D1AE26E00A55CCB /* WB-Test-TemplateTests */ = {
			isa = PBXGroup;
			children = (
				84E0D1D72D1AE26E00A55CCB /* WB_Test_TemplateTests.swift */,
			);
			path = "WB-Test-TemplateTests";
			sourceTree = "<group>";
		};
		84E0D1E02D1AE26E00A55CCB /* WB-Test-TemplateUITests */ = {
			isa = PBXGroup;
			children = (
				84E0D1E12D1AE26E00A55CCB /* WB_Test_TemplateUITests.swift */,
				84E0D1E32D1AE26E00A55CCB /* WB_Test_TemplateUITestsLaunchTests.swift */,
			);
			path = "WB-Test-TemplateUITests";
			sourceTree = "<group>";
		};
		84E0D1F12D1AE64400A55CCB /* Services */ = {
			isa = PBXGroup;
			children = (
				2FE785482D3A723B002C2B71 /* Networking */,
			);
			path = Services;
			sourceTree = "<group>";
		};
		84E0D1F32D1AE64400A55CCB /* Models */ = {
			isa = PBXGroup;
			children = (
				84E0D1F22D1AE64400A55CCB /* Asset.swift */,
			);
			path = Models;
			sourceTree = "<group>";
		};
		84E0D1F62D1AE64400A55CCB /* Views */ = {
			isa = PBXGroup;
			children = (
				84E0D1F42D1AE64400A55CCB /* AssetDetailView.swift */,
				84E0D1F52D1AE64400A55CCB /* AssetListView.swift */,
			);
			path = Views;
			sourceTree = "<group>";
		};
		84E0D1F82D1AE64400A55CCB /* View Models */ = {
			isa = PBXGroup;
			children = (
				84E0D1F72D1AE64400A55CCB /* AssetListViewModel.swift */,
			);
			path = "View Models";
			sourceTree = "<group>";
		};
/* End PBXGroup section */

/* Begin PBXNativeTarget section */
		84E0D1BF2D1AE26C00A55CCB /* WB-Test-Template */ = {
			isa = PBXNativeTarget;
			buildConfigurationList = 84E0D1E72D1AE26E00A55CCB /* Build configuration list for PBXNativeTarget "WB-Test-Template" */;
			buildPhases = (
				84E0D1BC2D1AE26C00A55CCB /* Sources */,
				84E0D1BD2D1AE26C00A55CCB /* Frameworks */,
				84E0D1BE2D1AE26C00A55CCB /* Resources */,
			);
			buildRules = (
			);
			dependencies = (
			);
			name = "WB-Test-Template";
			productName = "WB-Test-Template";
			productReference = 84E0D1C02D1AE26C00A55CCB /* WB-Test-Template.app */;
			productType = "com.apple.product-type.application";
		};
		84E0D1D22D1AE26E00A55CCB /* WB-Test-TemplateTests */ = {
			isa = PBXNativeTarget;
			buildConfigurationList = 84E0D1EA2D1AE26E00A55CCB /* Build configuration list for PBXNativeTarget "WB-Test-TemplateTests" */;
			buildPhases = (
				84E0D1CF2D1AE26E00A55CCB /* Sources */,
				84E0D1D02D1AE26E00A55CCB /* Frameworks */,
				84E0D1D12D1AE26E00A55CCB /* Resources */,
			);
			buildRules = (
			);
			dependencies = (
				84E0D1D52D1AE26E00A55CCB /* PBXTargetDependency */,
			);
			name = "WB-Test-TemplateTests";
			productName = "WB-Test-TemplateTests";
			productReference = 84E0D1D32D1AE26E00A55CCB /* WB-Test-TemplateTests.xctest */;
			productType = "com.apple.product-type.bundle.unit-test";
		};
		84E0D1DC2D1AE26E00A55CCB /* WB-Test-TemplateUITests */ = {
			isa = PBXNativeTarget;
			buildConfigurationList = 84E0D1ED2D1AE26E00A55CCB /* Build configuration list for PBXNativeTarget "WB-Test-TemplateUITests" */;
			buildPhases = (
				84E0D1D92D1AE26E00A55CCB /* Sources */,
				84E0D1DA2D1AE26E00A55CCB /* Frameworks */,
				84E0D1DB2D1AE26E00A55CCB /* Resources */,
			);
			buildRules = (
			);
			dependencies = (
				84E0D1DF2D1AE26E00A55CCB /* PBXTargetDependency */,
			);
			name = "WB-Test-TemplateUITests";
			productName = "WB-Test-TemplateUITests";
			productReference = 84E0D1DD2D1AE26E00A55CCB /* WB-Test-TemplateUITests.xctest */;
			productType = "com.apple.product-type.bundle.ui-testing";
		};
/* End PBXNativeTarget section */

/* Begin PBXProject section */
		84E0D1B82D1AE26C00A55CCB /* Project object */ = {
			isa = PBXProject;
			attributes = {
				BuildIndependentTargetsInParallel = 1;
				LastSwiftUpdateCheck = 1540;
				LastUpgradeCheck = 1540;
				TargetAttributes = {
					84E0D1BF2D1AE26C00A55CCB = {
						CreatedOnToolsVersion = 15.4;
					};
					84E0D1D22D1AE26E00A55CCB = {
						CreatedOnToolsVersion = 15.4;
						TestTargetID = 84E0D1BF2D1AE26C00A55CCB;
					};
					84E0D1DC2D1AE26E00A55CCB = {
						CreatedOnToolsVersion = 15.4;
						TestTargetID = 84E0D1BF2D1AE26C00A55CCB;
					};
				};
			};
			buildConfigurationList = 84E0D1BB2D1AE26C00A55CCB /* Build configuration list for PBXProject "WB-Test-Template" */;
			compatibilityVersion = "Xcode 14.0";
			developmentRegion = en;
			hasScannedForEncodings = 0;
			knownRegions = (
				en,
				Base,
			);
			mainGroup = 84E0D1B72D1AE26C00A55CCB;
			packageReferences = (
				2FE7854D2D3A7516002C2B71 /* XCRemoteSwiftPackageReference "Factory" */,
				2FFE1EEA2D3A875D000EE296 /* XCRemoteSwiftPackageReference "Nuke" */,
			);
			productRefGroup = 84E0D1C12D1AE26C00A55CCB /* Products */;
			projectDirPath = "";
			projectRoot = "";
			targets = (
				84E0D1BF2D1AE26C00A55CCB /* WB-Test-Template */,
				84E0D1D22D1AE26E00A55CCB /* WB-Test-TemplateTests */,
				84E0D1DC2D1AE26E00A55CCB /* WB-Test-TemplateUITests */,
			);
		};
/* End PBXProject section */

/* Begin PBXResourcesBuildPhase section */
		84E0D1BE2D1AE26C00A55CCB /* Resources */ = {
			isa = PBXResourcesBuildPhase;
			buildActionMask = 2147483647;
			files = (
				84E0D1CD2D1AE26E00A55CCB /* Preview Assets.xcassets in Resources */,
				84E0D1CA2D1AE26E00A55CCB /* Assets.xcassets in Resources */,
			);
			runOnlyForDeploymentPostprocessing = 0;
		};
		84E0D1D12D1AE26E00A55CCB /* Resources */ = {
			isa = PBXResourcesBuildPhase;
			buildActionMask = 2147483647;
			files = (
			);
			runOnlyForDeploymentPostprocessing = 0;
		};
		84E0D1DB2D1AE26E00A55CCB /* Resources */ = {
			isa = PBXResourcesBuildPhase;
			buildActionMask = 2147483647;
			files = (
			);
			runOnlyForDeploymentPostprocessing = 0;
		};
/* End PBXResourcesBuildPhase section */

/* Begin PBXSourcesBuildPhase section */
		84E0D1BC2D1AE26C00A55CCB /* Sources */ = {
			isa = PBXSourcesBuildPhase;
			buildActionMask = 2147483647;
			files = (
				84E0D1C42D1AE26C00A55CCB /* WB_Test_TemplateApp.swift in Sources */,
				2FE7854C2D3A7486002C2B71 /* ExchangeRateNetworkService.swift in Sources */,
				84E0D1C62D1AE26C00A55CCB /* WB_Test_TemplateDocument.swift in Sources */,
				2FE785622D3A7B9E002C2B71 /* RequestDecorator.swift in Sources */,
				84E0D1FC2D1AE64400A55CCB /* AssetListView.swift in Sources */,
				2FE7855A2D3A76A0002C2B71 /* AssetsResource.swift in Sources */,
				2FFE1EE92D3A80CE000EE296 /* Optional+Utility.swift in Sources */,
				2FFE1EEE2D3D1600000EE296 /* Task+Utility.swift in Sources */,
				2FE785552D3A7635002C2B71 /* Host.swift in Sources */,
				2FE785472D3A6269002C2B71 /* JSONDecoder+Utility.swift in Sources */,
				84E0D1FD2D1AE64400A55CCB /* AssetListViewModel.swift in Sources */,
				2FE785602D3A79DC002C2B71 /* URL+ExpressibleByStringLiteral.swift in Sources */,
				84E0D1FB2D1AE64400A55CCB /* AssetDetailView.swift in Sources */,
				84E0D1FA2D1AE64400A55CCB /* Asset.swift in Sources */,
				2FE7855C2D3A7768002C2B71 /* ExchangeRateResource.swift in Sources */,
				84E0D1F92D1AE64400A55CCB /* NetworkService.swift in Sources */,
				2FE785532D3A7611002C2B71 /* NetworkError.swift in Sources */,
				84E0D1C82D1AE26C00A55CCB /* ContentView.swift in Sources */,
				2FE7854A2D3A7428002C2B71 /* AssetsNetworkService.swift in Sources */,
				2FE785572D3A766E002C2B71 /* Resource.swift in Sources */,
			);
			runOnlyForDeploymentPostprocessing = 0;
		};
		84E0D1CF2D1AE26E00A55CCB /* Sources */ = {
			isa = PBXSourcesBuildPhase;
			buildActionMask = 2147483647;
			files = (
				84E0D1D82D1AE26E00A55CCB /* WB_Test_TemplateTests.swift in Sources */,
			);
			runOnlyForDeploymentPostprocessing = 0;
		};
		84E0D1D92D1AE26E00A55CCB /* Sources */ = {
			isa = PBXSourcesBuildPhase;
			buildActionMask = 2147483647;
			files = (
				84E0D1E22D1AE26E00A55CCB /* WB_Test_TemplateUITests.swift in Sources */,
				84E0D1E42D1AE26E00A55CCB /* WB_Test_TemplateUITestsLaunchTests.swift in Sources */,
			);
			runOnlyForDeploymentPostprocessing = 0;
		};
/* End PBXSourcesBuildPhase section */

/* Begin PBXTargetDependency section */
		84E0D1D52D1AE26E00A55CCB /* PBXTargetDependency */ = {
			isa = PBXTargetDependency;
			target = 84E0D1BF2D1AE26C00A55CCB /* WB-Test-Template */;
			targetProxy = 84E0D1D42D1AE26E00A55CCB /* PBXContainerItemProxy */;
		};
		84E0D1DF2D1AE26E00A55CCB /* PBXTargetDependency */ = {
			isa = PBXTargetDependency;
			target = 84E0D1BF2D1AE26C00A55CCB /* WB-Test-Template */;
			targetProxy = 84E0D1DE2D1AE26E00A55CCB /* PBXContainerItemProxy */;
		};
/* End PBXTargetDependency section */

/* Begin XCBuildConfiguration section */
		84E0D1E52D1AE26E00A55CCB /* Debug */ = {
			isa = XCBuildConfiguration;
			buildSettings = {
				ALWAYS_SEARCH_USER_PATHS = NO;
				ASSETCATALOG_COMPILER_GENERATE_SWIFT_ASSET_SYMBOL_EXTENSIONS = YES;
				CLANG_ANALYZER_NONNULL = YES;
				CLANG_ANALYZER_NUMBER_OBJECT_CONVERSION = YES_AGGRESSIVE;
				CLANG_CXX_LANGUAGE_STANDARD = "gnu++20";
				CLANG_ENABLE_MODULES = YES;
				CLANG_ENABLE_OBJC_ARC = YES;
				CLANG_ENABLE_OBJC_WEAK = YES;
				CLANG_WARN_BLOCK_CAPTURE_AUTORELEASING = YES;
				CLANG_WARN_BOOL_CONVERSION = YES;
				CLANG_WARN_COMMA = YES;
				CLANG_WARN_CONSTANT_CONVERSION = YES;
				CLANG_WARN_DEPRECATED_OBJC_IMPLEMENTATIONS = YES;
				CLANG_WARN_DIRECT_OBJC_ISA_USAGE = YES_ERROR;
				CLANG_WARN_DOCUMENTATION_COMMENTS = YES;
				CLANG_WARN_EMPTY_BODY = YES;
				CLANG_WARN_ENUM_CONVERSION = YES;
				CLANG_WARN_INFINITE_RECURSION = YES;
				CLANG_WARN_INT_CONVERSION = YES;
				CLANG_WARN_NON_LITERAL_NULL_CONVERSION = YES;
				CLANG_WARN_OBJC_IMPLICIT_RETAIN_SELF = YES;
				CLANG_WARN_OBJC_LITERAL_CONVERSION = YES;
				CLANG_WARN_OBJC_ROOT_CLASS = YES_ERROR;
				CLANG_WARN_QUOTED_INCLUDE_IN_FRAMEWORK_HEADER = YES;
				CLANG_WARN_RANGE_LOOP_ANALYSIS = YES;
				CLANG_WARN_STRICT_PROTOTYPES = YES;
				CLANG_WARN_SUSPICIOUS_MOVE = YES;
				CLANG_WARN_UNGUARDED_AVAILABILITY = YES_AGGRESSIVE;
				CLANG_WARN_UNREACHABLE_CODE = YES;
				CLANG_WARN__DUPLICATE_METHOD_MATCH = YES;
				COPY_PHASE_STRIP = NO;
				DEBUG_INFORMATION_FORMAT = dwarf;
				ENABLE_STRICT_OBJC_MSGSEND = YES;
				ENABLE_TESTABILITY = YES;
				ENABLE_USER_SCRIPT_SANDBOXING = YES;
				GCC_C_LANGUAGE_STANDARD = gnu17;
				GCC_DYNAMIC_NO_PIC = NO;
				GCC_NO_COMMON_BLOCKS = YES;
				GCC_OPTIMIZATION_LEVEL = 0;
				GCC_PREPROCESSOR_DEFINITIONS = (
					"DEBUG=1",
					"$(inherited)",
				);
				GCC_WARN_64_TO_32_BIT_CONVERSION = YES;
				GCC_WARN_ABOUT_RETURN_TYPE = YES_ERROR;
				GCC_WARN_UNDECLARED_SELECTOR = YES;
				GCC_WARN_UNINITIALIZED_AUTOS = YES_AGGRESSIVE;
				GCC_WARN_UNUSED_FUNCTION = YES;
				GCC_WARN_UNUSED_VARIABLE = YES;
				IPHONEOS_DEPLOYMENT_TARGET = 17.5;
				LOCALIZATION_PREFERS_STRING_CATALOGS = YES;
				MTL_ENABLE_DEBUG_INFO = INCLUDE_SOURCE;
				MTL_FAST_MATH = YES;
				ONLY_ACTIVE_ARCH = YES;
				SDKROOT = iphoneos;
				SWIFT_ACTIVE_COMPILATION_CONDITIONS = "DEBUG $(inherited)";
				SWIFT_OPTIMIZATION_LEVEL = "-Onone";
			};
			name = Debug;
		};
		84E0D1E62D1AE26E00A55CCB /* Release */ = {
			isa = XCBuildConfiguration;
			buildSettings = {
				ALWAYS_SEARCH_USER_PATHS = NO;
				ASSETCATALOG_COMPILER_GENERATE_SWIFT_ASSET_SYMBOL_EXTENSIONS = YES;
				CLANG_ANALYZER_NONNULL = YES;
				CLANG_ANALYZER_NUMBER_OBJECT_CONVERSION = YES_AGGRESSIVE;
				CLANG_CXX_LANGUAGE_STANDARD = "gnu++20";
				CLANG_ENABLE_MODULES = YES;
				CLANG_ENABLE_OBJC_ARC = YES;
				CLANG_ENABLE_OBJC_WEAK = YES;
				CLANG_WARN_BLOCK_CAPTURE_AUTORELEASING = YES;
				CLANG_WARN_BOOL_CONVERSION = YES;
				CLANG_WARN_COMMA = YES;
				CLANG_WARN_CONSTANT_CONVERSION = YES;
				CLANG_WARN_DEPRECATED_OBJC_IMPLEMENTATIONS = YES;
				CLANG_WARN_DIRECT_OBJC_ISA_USAGE = YES_ERROR;
				CLANG_WARN_DOCUMENTATION_COMMENTS = YES;
				CLANG_WARN_EMPTY_BODY = YES;
				CLANG_WARN_ENUM_CONVERSION = YES;
				CLANG_WARN_INFINITE_RECURSION = YES;
				CLANG_WARN_INT_CONVERSION = YES;
				CLANG_WARN_NON_LITERAL_NULL_CONVERSION = YES;
				CLANG_WARN_OBJC_IMPLICIT_RETAIN_SELF = YES;
				CLANG_WARN_OBJC_LITERAL_CONVERSION = YES;
				CLANG_WARN_OBJC_ROOT_CLASS = YES_ERROR;
				CLANG_WARN_QUOTED_INCLUDE_IN_FRAMEWORK_HEADER = YES;
				CLANG_WARN_RANGE_LOOP_ANALYSIS = YES;
				CLANG_WARN_STRICT_PROTOTYPES = YES;
				CLANG_WARN_SUSPICIOUS_MOVE = YES;
				CLANG_WARN_UNGUARDED_AVAILABILITY = YES_AGGRESSIVE;
				CLANG_WARN_UNREACHABLE_CODE = YES;
				CLANG_WARN__DUPLICATE_METHOD_MATCH = YES;
				COPY_PHASE_STRIP = NO;
				DEBUG_INFORMATION_FORMAT = "dwarf-with-dsym";
				ENABLE_NS_ASSERTIONS = NO;
				ENABLE_STRICT_OBJC_MSGSEND = YES;
				ENABLE_USER_SCRIPT_SANDBOXING = YES;
				GCC_C_LANGUAGE_STANDARD = gnu17;
				GCC_NO_COMMON_BLOCKS = YES;
				GCC_WARN_64_TO_32_BIT_CONVERSION = YES;
				GCC_WARN_ABOUT_RETURN_TYPE = YES_ERROR;
				GCC_WARN_UNDECLARED_SELECTOR = YES;
				GCC_WARN_UNINITIALIZED_AUTOS = YES_AGGRESSIVE;
				GCC_WARN_UNUSED_FUNCTION = YES;
				GCC_WARN_UNUSED_VARIABLE = YES;
				IPHONEOS_DEPLOYMENT_TARGET = 17.5;
				LOCALIZATION_PREFERS_STRING_CATALOGS = YES;
				MTL_ENABLE_DEBUG_INFO = NO;
				MTL_FAST_MATH = YES;
				SDKROOT = iphoneos;
				SWIFT_COMPILATION_MODE = wholemodule;
				VALIDATE_PRODUCT = YES;
			};
			name = Release;
		};
		84E0D1E82D1AE26E00A55CCB /* Debug */ = {
			isa = XCBuildConfiguration;
			buildSettings = {
				ASSETCATALOG_COMPILER_APPICON_NAME = AppIcon;
				ASSETCATALOG_COMPILER_GLOBAL_ACCENT_COLOR_NAME = AccentColor;
				CODE_SIGN_STYLE = Automatic;
				CURRENT_PROJECT_VERSION = 1;
				DEVELOPMENT_ASSET_PATHS = "\"WB-Test-Template/Preview Content\"";
				DEVELOPMENT_TEAM = CWV9HNSQMT;
				ENABLE_PREVIEWS = YES;
				GENERATE_INFOPLIST_FILE = YES;
				INFOPLIST_FILE = "WB-Test-Template/Info.plist";
				INFOPLIST_KEY_UIApplicationSceneManifest_Generation = YES;
				INFOPLIST_KEY_UIApplicationSupportsIndirectInputEvents = YES;
				INFOPLIST_KEY_UILaunchScreen_Generation = YES;
				INFOPLIST_KEY_UISupportedInterfaceOrientations_iPad = "UIInterfaceOrientationPortrait UIInterfaceOrientationPortraitUpsideDown UIInterfaceOrientationLandscapeLeft UIInterfaceOrientationLandscapeRight";
				INFOPLIST_KEY_UISupportedInterfaceOrientations_iPhone = "UIInterfaceOrientationPortrait UIInterfaceOrientationLandscapeLeft UIInterfaceOrientationLandscapeRight";
				INFOPLIST_KEY_UISupportsDocumentBrowser = YES;
				IPHONEOS_DEPLOYMENT_TARGET = 15.0;
				LD_RUNPATH_SEARCH_PATHS = (
					"$(inherited)",
					"@executable_path/Frameworks",
				);
				MARKETING_VERSION = 1.0;
				PRODUCT_BUNDLE_IDENTIFIER = "com.whitebox.WB-Test-Template";
				PRODUCT_NAME = "$(TARGET_NAME)";
				SWIFT_EMIT_LOC_STRINGS = YES;
				SWIFT_VERSION = 5.0;
				TARGETED_DEVICE_FAMILY = "1,2";
			};
			name = Debug;
		};
		84E0D1E92D1AE26E00A55CCB /* Release */ = {
			isa = XCBuildConfiguration;
			buildSettings = {
				ASSETCATALOG_COMPILER_APPICON_NAME = AppIcon;
				ASSETCATALOG_COMPILER_GLOBAL_ACCENT_COLOR_NAME = AccentColor;
				CODE_SIGN_STYLE = Automatic;
				CURRENT_PROJECT_VERSION = 1;
				DEVELOPMENT_ASSET_PATHS = "\"WB-Test-Template/Preview Content\"";
				DEVELOPMENT_TEAM = CWV9HNSQMT;
				ENABLE_PREVIEWS = YES;
				GENERATE_INFOPLIST_FILE = YES;
				INFOPLIST_FILE = "WB-Test-Template/Info.plist";
				INFOPLIST_KEY_UIApplicationSceneManifest_Generation = YES;
				INFOPLIST_KEY_UIApplicationSupportsIndirectInputEvents = YES;
				INFOPLIST_KEY_UILaunchScreen_Generation = YES;
				INFOPLIST_KEY_UISupportedInterfaceOrientations_iPad = "UIInterfaceOrientationPortrait UIInterfaceOrientationPortraitUpsideDown UIInterfaceOrientationLandscapeLeft UIInterfaceOrientationLandscapeRight";
				INFOPLIST_KEY_UISupportedInterfaceOrientations_iPhone = "UIInterfaceOrientationPortrait UIInterfaceOrientationLandscapeLeft UIInterfaceOrientationLandscapeRight";
				INFOPLIST_KEY_UISupportsDocumentBrowser = YES;
				IPHONEOS_DEPLOYMENT_TARGET = 15.0;
				LD_RUNPATH_SEARCH_PATHS = (
					"$(inherited)",
					"@executable_path/Frameworks",
				);
				MARKETING_VERSION = 1.0;
				PRODUCT_BUNDLE_IDENTIFIER = "com.whitebox.WB-Test-Template";
				PRODUCT_NAME = "$(TARGET_NAME)";
				SWIFT_EMIT_LOC_STRINGS = YES;
				SWIFT_VERSION = 5.0;
				TARGETED_DEVICE_FAMILY = "1,2";
			};
			name = Release;
		};
		84E0D1EB2D1AE26E00A55CCB /* Debug */ = {
			isa = XCBuildConfiguration;
			buildSettings = {
				ALWAYS_EMBED_SWIFT_STANDARD_LIBRARIES = YES;
				BUNDLE_LOADER = "$(TEST_HOST)";
				CODE_SIGN_STYLE = Automatic;
				CURRENT_PROJECT_VERSION = 1;
				DEVELOPMENT_TEAM = CWV9HNSQMT;
				GENERATE_INFOPLIST_FILE = YES;
				IPHONEOS_DEPLOYMENT_TARGET = 17.5;
				MARKETING_VERSION = 1.0;
				PRODUCT_BUNDLE_IDENTIFIER = "com.whitebox.WB-Test-TemplateTests";
				PRODUCT_NAME = "$(TARGET_NAME)";
				SWIFT_EMIT_LOC_STRINGS = NO;
				SWIFT_VERSION = 5.0;
				TARGETED_DEVICE_FAMILY = "1,2";
				TEST_HOST = "$(BUILT_PRODUCTS_DIR)/WB-Test-Template.app/$(BUNDLE_EXECUTABLE_FOLDER_PATH)/WB-Test-Template";
			};
			name = Debug;
		};
		84E0D1EC2D1AE26E00A55CCB /* Release */ = {
			isa = XCBuildConfiguration;
			buildSettings = {
				ALWAYS_EMBED_SWIFT_STANDARD_LIBRARIES = YES;
				BUNDLE_LOADER = "$(TEST_HOST)";
				CODE_SIGN_STYLE = Automatic;
				CURRENT_PROJECT_VERSION = 1;
				DEVELOPMENT_TEAM = CWV9HNSQMT;
				GENERATE_INFOPLIST_FILE = YES;
				IPHONEOS_DEPLOYMENT_TARGET = 17.5;
				MARKETING_VERSION = 1.0;
				PRODUCT_BUNDLE_IDENTIFIER = "com.whitebox.WB-Test-TemplateTests";
				PRODUCT_NAME = "$(TARGET_NAME)";
				SWIFT_EMIT_LOC_STRINGS = NO;
				SWIFT_VERSION = 5.0;
				TARGETED_DEVICE_FAMILY = "1,2";
				TEST_HOST = "$(BUILT_PRODUCTS_DIR)/WB-Test-Template.app/$(BUNDLE_EXECUTABLE_FOLDER_PATH)/WB-Test-Template";
			};
			name = Release;
		};
		84E0D1EE2D1AE26E00A55CCB /* Debug */ = {
			isa = XCBuildConfiguration;
			buildSettings = {
				ALWAYS_EMBED_SWIFT_STANDARD_LIBRARIES = YES;
				CODE_SIGN_STYLE = Automatic;
				CURRENT_PROJECT_VERSION = 1;
				DEVELOPMENT_TEAM = CWV9HNSQMT;
				GENERATE_INFOPLIST_FILE = YES;
				MARKETING_VERSION = 1.0;
				PRODUCT_BUNDLE_IDENTIFIER = "com.whitebox.WB-Test-TemplateUITests";
				PRODUCT_NAME = "$(TARGET_NAME)";
				SWIFT_EMIT_LOC_STRINGS = NO;
				SWIFT_VERSION = 5.0;
				TARGETED_DEVICE_FAMILY = "1,2";
				TEST_TARGET_NAME = "WB-Test-Template";
			};
			name = Debug;
		};
		84E0D1EF2D1AE26E00A55CCB /* Release */ = {
			isa = XCBuildConfiguration;
			buildSettings = {
				ALWAYS_EMBED_SWIFT_STANDARD_LIBRARIES = YES;
				CODE_SIGN_STYLE = Automatic;
				CURRENT_PROJECT_VERSION = 1;
				DEVELOPMENT_TEAM = CWV9HNSQMT;
				GENERATE_INFOPLIST_FILE = YES;
				MARKETING_VERSION = 1.0;
				PRODUCT_BUNDLE_IDENTIFIER = "com.whitebox.WB-Test-TemplateUITests";
				PRODUCT_NAME = "$(TARGET_NAME)";
				SWIFT_EMIT_LOC_STRINGS = NO;
				SWIFT_VERSION = 5.0;
				TARGETED_DEVICE_FAMILY = "1,2";
				TEST_TARGET_NAME = "WB-Test-Template";
			};
			name = Release;
		};
/* End XCBuildConfiguration section */

/* Begin XCConfigurationList section */
		84E0D1BB2D1AE26C00A55CCB /* Build configuration list for PBXProject "WB-Test-Template" */ = {
			isa = XCConfigurationList;
			buildConfigurations = (
				84E0D1E52D1AE26E00A55CCB /* Debug */,
				84E0D1E62D1AE26E00A55CCB /* Release */,
			);
			defaultConfigurationIsVisible = 0;
			defaultConfigurationName = Release;
		};
		84E0D1E72D1AE26E00A55CCB /* Build configuration list for PBXNativeTarget "WB-Test-Template" */ = {
			isa = XCConfigurationList;
			buildConfigurations = (
				84E0D1E82D1AE26E00A55CCB /* Debug */,
				84E0D1E92D1AE26E00A55CCB /* Release */,
			);
			defaultConfigurationIsVisible = 0;
			defaultConfigurationName = Release;
		};
		84E0D1EA2D1AE26E00A55CCB /* Build configuration list for PBXNativeTarget "WB-Test-TemplateTests" */ = {
			isa = XCConfigurationList;
			buildConfigurations = (
				84E0D1EB2D1AE26E00A55CCB /* Debug */,
				84E0D1EC2D1AE26E00A55CCB /* Release */,
			);
			defaultConfigurationIsVisible = 0;
			defaultConfigurationName = Release;
		};
		84E0D1ED2D1AE26E00A55CCB /* Build configuration list for PBXNativeTarget "WB-Test-TemplateUITests" */ = {
			isa = XCConfigurationList;
			buildConfigurations = (
				84E0D1EE2D1AE26E00A55CCB /* Debug */,
				84E0D1EF2D1AE26E00A55CCB /* Release */,
			);
			defaultConfigurationIsVisible = 0;
			defaultConfigurationName = Release;
		};
/* End XCConfigurationList section */

/* Begin XCRemoteSwiftPackageReference section */
		2FE7854D2D3A7516002C2B71 /* XCRemoteSwiftPackageReference "Factory" */ = {
			isa = XCRemoteSwiftPackageReference;
			repositoryURL = "https://github.com/hmlongco/Factory.git";
			requirement = {
				kind = upToNextMajorVersion;
				minimumVersion = 2.4.3;
			};
		};
		2FFE1EEA2D3A875D000EE296 /* XCRemoteSwiftPackageReference "Nuke" */ = {
			isa = XCRemoteSwiftPackageReference;
			repositoryURL = "https://github.com/kean/Nuke?tab=readme-ov-file";
			requirement = {
				kind = upToNextMajorVersion;
				minimumVersion = 12.8.0;
			};
		};
/* End XCRemoteSwiftPackageReference section */

/* Begin XCSwiftPackageProductDependency section */
		2FE785502D3A753C002C2B71 /* Factory */ = {
			isa = XCSwiftPackageProductDependency;
			package = 2FE7854D2D3A7516002C2B71 /* XCRemoteSwiftPackageReference "Factory" */;
			productName = Factory;
		};
		2FFE1EEB2D3A875D000EE296 /* NukeUI */ = {
			isa = XCSwiftPackageProductDependency;
			package = 2FFE1EEA2D3A875D000EE296 /* XCRemoteSwiftPackageReference "Nuke" */;
			productName = NukeUI;
		};
/* End XCSwiftPackageProductDependency section */
	};
	rootObject = 84E0D1B82D1AE26C00A55CCB /* Project object */;
}
