// !$*UTF8*$!
{
	archiveVersion = 1;
	classes = {
	};
	objectVersion = 70;
	objects = {

/* Begin PBXBuildFile section */
		2F0B8EC82D47B26E00945173 /* LocalAppStorage.swift in Sources */ = {isa = PBXBuildFile; fileRef = 2F0B8EC72D47B26E00945173 /* LocalAppStorage.swift */; };
		2F0B8ECE2D47BE8800945173 /* AlertState.swift in Sources */ = {isa = PBXBuildFile; fileRef = 2F0B8ECD2D47BE8800945173 /* AlertState.swift */; };
		2F0B8ED12D47BEFA00945173 /* AlertState+Vendor.swift in Sources */ = {isa = PBXBuildFile; fileRef = 2F0B8ED02D47BEFA00945173 /* AlertState+Vendor.swift */; };
		2F0B8ED32D47BF3800945173 /* AlertStateAction+Vendor.swift in Sources */ = {isa = PBXBuildFile; fileRef = 2F0B8ED22D47BF3800945173 /* AlertStateAction+Vendor.swift */; };
		2F3516B82D48F9B3003F3CA4 /* CryptoMonitorCore.framework in Frameworks */ = {isa = PBXBuildFile; fileRef = 2F35167F2D48F858003F3CA4 /* CryptoMonitorCore.framework */; };
		2F3516B92D48F9B3003F3CA4 /* CryptoMonitorCore.framework in Embed Frameworks */ = {isa = PBXBuildFile; fileRef = 2F35167F2D48F858003F3CA4 /* CryptoMonitorCore.framework */; settings = {ATTRIBUTES = (RemoveHeadersOnCopy, ); }; };
		2F3516BC2D48FA0F003F3CA4 /* Factory in Frameworks */ = {isa = PBXBuildFile; productRef = 2F3516BB2D48FA0F003F3CA4 /* Factory */; };
		2F3516C82D48FA6D003F3CA4 /* CryptoMonitorModel.framework in Frameworks */ = {isa = PBXBuildFile; fileRef = 2F3516C22D48FA6D003F3CA4 /* CryptoMonitorModel.framework */; };
		2F3516C92D48FA6D003F3CA4 /* CryptoMonitorModel.framework in Embed Frameworks */ = {isa = PBXBuildFile; fileRef = 2F3516C22D48FA6D003F3CA4 /* CryptoMonitorModel.framework */; settings = {ATTRIBUTES = (CodeSignOnCopy, RemoveHeadersOnCopy, ); }; };
		2F3516D22D48FA8B003F3CA4 /* Factory in Frameworks */ = {isa = PBXBuildFile; productRef = 2F3516D12D48FA8B003F3CA4 /* Factory */; };
		2F3516D52D48FA9B003F3CA4 /* CryptoMonitorCore.framework in Frameworks */ = {isa = PBXBuildFile; fileRef = 2F35167F2D48F858003F3CA4 /* CryptoMonitorCore.framework */; };
		2F3516D62D48FA9B003F3CA4 /* CryptoMonitorCore.framework in Embed Frameworks */ = {isa = PBXBuildFile; fileRef = 2F35167F2D48F858003F3CA4 /* CryptoMonitorCore.framework */; settings = {ATTRIBUTES = (CodeSignOnCopy, RemoveHeadersOnCopy, ); }; };
		2F48C9B32D3E9776004981F1 /* ExchangeRatesResponse.swift in Sources */ = {isa = PBXBuildFile; fileRef = 2F48C9B22D3E9776004981F1 /* ExchangeRatesResponse.swift */; };
		2F49AC0F2D3FC915007D6A92 /* ViewModel.swift in Sources */ = {isa = PBXBuildFile; fileRef = 2F49AC0E2D3FC915007D6A92 /* ViewModel.swift */; };
		2F49AC112D3FC9A6007D6A92 /* ActionableView.swift in Sources */ = {isa = PBXBuildFile; fileRef = 2F49AC102D3FC9A6007D6A92 /* ActionableView.swift */; };
		2F49AC142D3FD3B0007D6A92 /* StartupProcess.swift in Sources */ = {isa = PBXBuildFile; fileRef = 2F49AC132D3FD3B0007D6A92 /* StartupProcess.swift */; };
		2F49AC162D3FD3B5007D6A92 /* StartupProcessService.swift in Sources */ = {isa = PBXBuildFile; fileRef = 2F49AC152D3FD3B5007D6A92 /* StartupProcessService.swift */; };
		2F49AC1D2D3FD48E007D6A92 /* Model.xcdatamodeld in Sources */ = {isa = PBXBuildFile; fileRef = 2F49AC1B2D3FD48E007D6A92 /* Model.xcdatamodeld */; };
		2F49AC1F2D3FD4B4007D6A92 /* CoreDataStack.swift in Sources */ = {isa = PBXBuildFile; fileRef = 2F49AC1E2D3FD4B4007D6A92 /* CoreDataStack.swift */; };
		2F49AC282D3FE6E3007D6A92 /* Repository.swift in Sources */ = {isa = PBXBuildFile; fileRef = 2F49AC272D3FE6E3007D6A92 /* Repository.swift */; };
		2F49AC2B2D3FF2C2007D6A92 /* NSManagedObjectContext+Utility.swift in Sources */ = {isa = PBXBuildFile; fileRef = 2F49AC2A2D3FF2C2007D6A92 /* NSManagedObjectContext+Utility.swift */; };
		2F49AC352D411404007D6A92 /* AssetMO.swift in Sources */ = {isa = PBXBuildFile; fileRef = 2F49AC342D411404007D6A92 /* AssetMO.swift */; };
		2F49AC372D41147C007D6A92 /* AssetRepository.swift in Sources */ = {isa = PBXBuildFile; fileRef = 2F49AC362D41147C007D6A92 /* AssetRepository.swift */; };
		2F49AC3B2D4114FF007D6A92 /* AssetDataSource.swift in Sources */ = {isa = PBXBuildFile; fileRef = 2F49AC3A2D4114FF007D6A92 /* AssetDataSource.swift */; };
		2F9269D52D3E89F300DBA5A7 /* AssetListRowView.swift in Sources */ = {isa = PBXBuildFile; fileRef = 2F9269D42D3E89F300DBA5A7 /* AssetListRowView.swift */; };
		2F94C1992D47860700EDFE8E /* ConnectivityObserver.swift in Sources */ = {isa = PBXBuildFile; fileRef = 2F94C1982D47860700EDFE8E /* ConnectivityObserver.swift */; };
		2F94C19B2D4787AB00EDFE8E /* CryptoMonitorAppViewModel.swift in Sources */ = {isa = PBXBuildFile; fileRef = 2F94C19A2D4787AB00EDFE8E /* CryptoMonitorAppViewModel.swift */; };
		2F94C19D2D4787E600EDFE8E /* CryptoMonitorAppView.swift in Sources */ = {isa = PBXBuildFile; fileRef = 2F94C19C2D4787E600EDFE8E /* CryptoMonitorAppView.swift */; };
		2FA192BF2D47F471008EB7EE /* View+Alert.swift in Sources */ = {isa = PBXBuildFile; fileRef = 2FA192BE2D47F471008EB7EE /* View+Alert.swift */; };
		2FAC04332D438DA8000E471B /* DataSourceFetchPolicy.swift in Sources */ = {isa = PBXBuildFile; fileRef = 2FAC04322D438DA8000E471B /* DataSourceFetchPolicy.swift */; };
		2FAC04352D43A3A2000E471B /* NetworkServiceRetryPolicy.swift in Sources */ = {isa = PBXBuildFile; fileRef = 2FAC04342D43A3A2000E471B /* NetworkServiceRetryPolicy.swift */; };
		2FAC04392D43A612000E471B /* ExchangeRateMO.swift in Sources */ = {isa = PBXBuildFile; fileRef = 2FAC04382D43A612000E471B /* ExchangeRateMO.swift */; };
		2FAC043B2D43A757000E471B /* ExchangeRateRepository.swift in Sources */ = {isa = PBXBuildFile; fileRef = 2FAC043A2D43A757000E471B /* ExchangeRateRepository.swift */; };
		2FAC043F2D43A7D8000E471B /* ExchangeRateDataSource.swift in Sources */ = {isa = PBXBuildFile; fileRef = 2FAC043E2D43A7D8000E471B /* ExchangeRateDataSource.swift */; };
		2FDEA9D92D41D77B0034F241 /* AssetDetailViewModel.swift in Sources */ = {isa = PBXBuildFile; fileRef = 2FDEA9D82D41D77B0034F241 /* AssetDetailViewModel.swift */; };
		2FDEA9E22D41DC680034F241 /* DataPointView.swift in Sources */ = {isa = PBXBuildFile; fileRef = 2FDEA9E12D41DC680034F241 /* DataPointView.swift */; };
		2FDEA9E52D41DD8F0034F241 /* AssetDetailSection.swift in Sources */ = {isa = PBXBuildFile; fileRef = 2FDEA9E42D41DD8F0034F241 /* AssetDetailSection.swift */; };
		2FDEA9E72D41E48E0034F241 /* AssetDetailSectionBuilder.swift in Sources */ = {isa = PBXBuildFile; fileRef = 2FDEA9E62D41E48E0034F241 /* AssetDetailSectionBuilder.swift */; };
		2FDEA9E92D41EA210034F241 /* DynamicStack.swift in Sources */ = {isa = PBXBuildFile; fileRef = 2FDEA9E82D41EA210034F241 /* DynamicStack.swift */; };
		2FDEA9EE2D41F5490034F241 /* AssetBookmarkButton.swift in Sources */ = {isa = PBXBuildFile; fileRef = 2FDEA9ED2D41F5490034F241 /* AssetBookmarkButton.swift */; };
		2FE7854A2D3A7428002C2B71 /* AssetsNetworkService.swift in Sources */ = {isa = PBXBuildFile; fileRef = 2FE785492D3A7428002C2B71 /* AssetsNetworkService.swift */; };
		2FE7854C2D3A7486002C2B71 /* ExchangeRateNetworkService.swift in Sources */ = {isa = PBXBuildFile; fileRef = 2FE7854B2D3A7486002C2B71 /* ExchangeRateNetworkService.swift */; };
		2FE785512D3A753C002C2B71 /* Factory in Frameworks */ = {isa = PBXBuildFile; productRef = 2FE785502D3A753C002C2B71 /* Factory */; };
		2FE785532D3A7611002C2B71 /* NetworkError.swift in Sources */ = {isa = PBXBuildFile; fileRef = 2FE785522D3A7611002C2B71 /* NetworkError.swift */; };
		2FE785552D3A7635002C2B71 /* Host.swift in Sources */ = {isa = PBXBuildFile; fileRef = 2FE785542D3A7635002C2B71 /* Host.swift */; };
		2FE785572D3A766E002C2B71 /* Resource.swift in Sources */ = {isa = PBXBuildFile; fileRef = 2FE785562D3A766E002C2B71 /* Resource.swift */; };
		2FE7855A2D3A76A0002C2B71 /* AssetsResource.swift in Sources */ = {isa = PBXBuildFile; fileRef = 2FE785592D3A76A0002C2B71 /* AssetsResource.swift */; };
		2FE7855C2D3A7768002C2B71 /* ExchangeRateResource.swift in Sources */ = {isa = PBXBuildFile; fileRef = 2FE7855B2D3A7768002C2B71 /* ExchangeRateResource.swift */; };
		2FE785622D3A7B9E002C2B71 /* RequestDecorator.swift in Sources */ = {isa = PBXBuildFile; fileRef = 2FE785612D3A7B9E002C2B71 /* RequestDecorator.swift */; };
		2FFE1EEC2D3A875D000EE296 /* NukeUI in Frameworks */ = {isa = PBXBuildFile; productRef = 2FFE1EEB2D3A875D000EE296 /* NukeUI */; };
		2FFE1EF22D3D17A3000EE296 /* JSONMock.swift in Sources */ = {isa = PBXBuildFile; fileRef = 2FFE1EF12D3D17A3000EE296 /* JSONMock.swift */; };
		2FFE1EF42D3D1865000EE296 /* Assets.json in Sources */ = {isa = PBXBuildFile; fileRef = 2FFE1EF32D3D185F000EE296 /* Assets.json */; };
		2FFE1EF52D3D1AA2000EE296 /* Assets.json in Resources */ = {isa = PBXBuildFile; fileRef = 2FFE1EF32D3D185F000EE296 /* Assets.json */; };
		2FFE1EF92D3D1BB0000EE296 /* AssetsIcons.json in Resources */ = {isa = PBXBuildFile; fileRef = 2FFE1EF82D3D1BB0000EE296 /* AssetsIcons.json */; };
		84E0D1C42D1AE26C00A55CCB /* CryptoMonitorApp.swift in Sources */ = {isa = PBXBuildFile; fileRef = 84E0D1C32D1AE26C00A55CCB /* CryptoMonitorApp.swift */; };
		84E0D1CA2D1AE26E00A55CCB /* Assets.xcassets in Resources */ = {isa = PBXBuildFile; fileRef = 84E0D1C92D1AE26E00A55CCB /* Assets.xcassets */; };
		84E0D1CD2D1AE26E00A55CCB /* Preview Assets.xcassets in Resources */ = {isa = PBXBuildFile; fileRef = 84E0D1CC2D1AE26E00A55CCB /* Preview Assets.xcassets */; };
		84E0D1D82D1AE26E00A55CCB /* WB_Test_TemplateTests.swift in Sources */ = {isa = PBXBuildFile; fileRef = 84E0D1D72D1AE26E00A55CCB /* WB_Test_TemplateTests.swift */; };
		84E0D1E22D1AE26E00A55CCB /* WB_Test_TemplateUITests.swift in Sources */ = {isa = PBXBuildFile; fileRef = 84E0D1E12D1AE26E00A55CCB /* WB_Test_TemplateUITests.swift */; };
		84E0D1E42D1AE26E00A55CCB /* WB_Test_TemplateUITestsLaunchTests.swift in Sources */ = {isa = PBXBuildFile; fileRef = 84E0D1E32D1AE26E00A55CCB /* WB_Test_TemplateUITestsLaunchTests.swift */; };
		84E0D1F92D1AE64400A55CCB /* NetworkService.swift in Sources */ = {isa = PBXBuildFile; fileRef = 84E0D1F02D1AE64400A55CCB /* NetworkService.swift */; };
		84E0D1FB2D1AE64400A55CCB /* AssetDetailView.swift in Sources */ = {isa = PBXBuildFile; fileRef = 84E0D1F42D1AE64400A55CCB /* AssetDetailView.swift */; };
		84E0D1FC2D1AE64400A55CCB /* AssetListView.swift in Sources */ = {isa = PBXBuildFile; fileRef = 84E0D1F52D1AE64400A55CCB /* AssetListView.swift */; };
		84E0D1FD2D1AE64400A55CCB /* AssetListViewModel.swift in Sources */ = {isa = PBXBuildFile; fileRef = 84E0D1F72D1AE64400A55CCB /* AssetListViewModel.swift */; };
/* End PBXBuildFile section */

/* Begin PBXContainerItemProxy section */
		2F3516832D48F858003F3CA4 /* PBXContainerItemProxy */ = {
			isa = PBXContainerItemProxy;
			containerPortal = 84E0D1B82D1AE26C00A55CCB /* Project object */;
			proxyType = 1;
			remoteGlobalIDString = 2F35167E2D48F858003F3CA4;
			remoteInfo = CryptoMonitorCore;
		};
		2F3516C62D48FA6D003F3CA4 /* PBXContainerItemProxy */ = {
			isa = PBXContainerItemProxy;
			containerPortal = 84E0D1B82D1AE26C00A55CCB /* Project object */;
			proxyType = 1;
			remoteGlobalIDString = 2F3516C12D48FA6D003F3CA4;
			remoteInfo = CryptoMonitorModel;
		};
		2F3516D32D48FA98003F3CA4 /* PBXContainerItemProxy */ = {
			isa = PBXContainerItemProxy;
			containerPortal = 84E0D1B82D1AE26C00A55CCB /* Project object */;
			proxyType = 1;
			remoteGlobalIDString = 2F35167E2D48F858003F3CA4;
			remoteInfo = CryptoMonitorCore;
		};
		2F3516D72D48FA9B003F3CA4 /* PBXContainerItemProxy */ = {
			isa = PBXContainerItemProxy;
			containerPortal = 84E0D1B82D1AE26C00A55CCB /* Project object */;
			proxyType = 1;
			remoteGlobalIDString = 2F35167E2D48F858003F3CA4;
			remoteInfo = CryptoMonitorCore;
		};
		84E0D1D42D1AE26E00A55CCB /* PBXContainerItemProxy */ = {
			isa = PBXContainerItemProxy;
			containerPortal = 84E0D1B82D1AE26C00A55CCB /* Project object */;
			proxyType = 1;
			remoteGlobalIDString = 84E0D1BF2D1AE26C00A55CCB;
			remoteInfo = "WB-Test-Template";
		};
		84E0D1DE2D1AE26E00A55CCB /* PBXContainerItemProxy */ = {
			isa = PBXContainerItemProxy;
			containerPortal = 84E0D1B82D1AE26C00A55CCB /* Project object */;
			proxyType = 1;
			remoteGlobalIDString = 84E0D1BF2D1AE26C00A55CCB;
			remoteInfo = "WB-Test-Template";
		};
/* End PBXContainerItemProxy section */

/* Begin PBXCopyFilesBuildPhase section */
		2F3516BA2D48F9B3003F3CA4 /* Embed Frameworks */ = {
			isa = PBXCopyFilesBuildPhase;
			buildActionMask = 2147483647;
			dstPath = "";
			dstSubfolderSpec = 10;
			files = (
				2F3516C92D48FA6D003F3CA4 /* CryptoMonitorModel.framework in Embed Frameworks */,
				2F3516B92D48F9B3003F3CA4 /* CryptoMonitorCore.framework in Embed Frameworks */,
			);
			name = "Embed Frameworks";
			runOnlyForDeploymentPostprocessing = 0;
		};
		2F3516D92D48FA9B003F3CA4 /* Embed Frameworks */ = {
			isa = PBXCopyFilesBuildPhase;
			buildActionMask = 2147483647;
			dstPath = "";
			dstSubfolderSpec = 10;
			files = (
				2F3516D62D48FA9B003F3CA4 /* CryptoMonitorCore.framework in Embed Frameworks */,
			);
			name = "Embed Frameworks";
			runOnlyForDeploymentPostprocessing = 0;
		};
/* End PBXCopyFilesBuildPhase section */

/* Begin PBXFileReference section */
		2F0B8EC72D47B26E00945173 /* LocalAppStorage.swift */ = {isa = PBXFileReference; lastKnownFileType = sourcecode.swift; path = LocalAppStorage.swift; sourceTree = "<group>"; };
		2F0B8ECD2D47BE8800945173 /* AlertState.swift */ = {isa = PBXFileReference; lastKnownFileType = sourcecode.swift; path = AlertState.swift; sourceTree = "<group>"; };
		2F0B8ED02D47BEFA00945173 /* AlertState+Vendor.swift */ = {isa = PBXFileReference; lastKnownFileType = sourcecode.swift; path = "AlertState+Vendor.swift"; sourceTree = "<group>"; };
		2F0B8ED22D47BF3800945173 /* AlertStateAction+Vendor.swift */ = {isa = PBXFileReference; lastKnownFileType = sourcecode.swift; path = "AlertStateAction+Vendor.swift"; sourceTree = "<group>"; };
		2F35167F2D48F858003F3CA4 /* CryptoMonitorCore.framework */ = {isa = PBXFileReference; explicitFileType = wrapper.framework; includeInIndex = 0; path = CryptoMonitorCore.framework; sourceTree = BUILT_PRODUCTS_DIR; };
		2F3516C22D48FA6D003F3CA4 /* CryptoMonitorModel.framework */ = {isa = PBXFileReference; explicitFileType = wrapper.framework; includeInIndex = 0; path = CryptoMonitorModel.framework; sourceTree = BUILT_PRODUCTS_DIR; };
		2F48C9B22D3E9776004981F1 /* ExchangeRatesResponse.swift */ = {isa = PBXFileReference; lastKnownFileType = sourcecode.swift; path = ExchangeRatesResponse.swift; sourceTree = "<group>"; };
		2F49AC0E2D3FC915007D6A92 /* ViewModel.swift */ = {isa = PBXFileReference; lastKnownFileType = sourcecode.swift; path = ViewModel.swift; sourceTree = "<group>"; };
		2F49AC102D3FC9A6007D6A92 /* ActionableView.swift */ = {isa = PBXFileReference; lastKnownFileType = sourcecode.swift; path = ActionableView.swift; sourceTree = "<group>"; };
		2F49AC132D3FD3B0007D6A92 /* StartupProcess.swift */ = {isa = PBXFileReference; lastKnownFileType = sourcecode.swift; path = StartupProcess.swift; sourceTree = "<group>"; };
		2F49AC152D3FD3B5007D6A92 /* StartupProcessService.swift */ = {isa = PBXFileReference; lastKnownFileType = sourcecode.swift; path = StartupProcessService.swift; sourceTree = "<group>"; };
		2F49AC1C2D3FD48E007D6A92 /* Model.xcdatamodel */ = {isa = PBXFileReference; lastKnownFileType = wrapper.xcdatamodel; path = Model.xcdatamodel; sourceTree = "<group>"; };
		2F49AC1E2D3FD4B4007D6A92 /* CoreDataStack.swift */ = {isa = PBXFileReference; lastKnownFileType = sourcecode.swift; path = CoreDataStack.swift; sourceTree = "<group>"; };
		2F49AC272D3FE6E3007D6A92 /* Repository.swift */ = {isa = PBXFileReference; lastKnownFileType = sourcecode.swift; path = Repository.swift; sourceTree = "<group>"; };
		2F49AC2A2D3FF2C2007D6A92 /* NSManagedObjectContext+Utility.swift */ = {isa = PBXFileReference; lastKnownFileType = sourcecode.swift; path = "NSManagedObjectContext+Utility.swift"; sourceTree = "<group>"; };
		2F49AC342D411404007D6A92 /* AssetMO.swift */ = {isa = PBXFileReference; lastKnownFileType = sourcecode.swift; path = AssetMO.swift; sourceTree = "<group>"; };
		2F49AC362D41147C007D6A92 /* AssetRepository.swift */ = {isa = PBXFileReference; lastKnownFileType = sourcecode.swift; path = AssetRepository.swift; sourceTree = "<group>"; };
		2F49AC3A2D4114FF007D6A92 /* AssetDataSource.swift */ = {isa = PBXFileReference; lastKnownFileType = sourcecode.swift; path = AssetDataSource.swift; sourceTree = "<group>"; };
		2F9269D42D3E89F300DBA5A7 /* AssetListRowView.swift */ = {isa = PBXFileReference; lastKnownFileType = sourcecode.swift; path = AssetListRowView.swift; sourceTree = "<group>"; };
		2F94C1982D47860700EDFE8E /* ConnectivityObserver.swift */ = {isa = PBXFileReference; lastKnownFileType = sourcecode.swift; path = ConnectivityObserver.swift; sourceTree = "<group>"; };
		2F94C19A2D4787AB00EDFE8E /* CryptoMonitorAppViewModel.swift */ = {isa = PBXFileReference; lastKnownFileType = sourcecode.swift; path = CryptoMonitorAppViewModel.swift; sourceTree = "<group>"; };
		2F94C19C2D4787E600EDFE8E /* CryptoMonitorAppView.swift */ = {isa = PBXFileReference; lastKnownFileType = sourcecode.swift; path = CryptoMonitorAppView.swift; sourceTree = "<group>"; };
		2FA192BE2D47F471008EB7EE /* View+Alert.swift */ = {isa = PBXFileReference; lastKnownFileType = sourcecode.swift; path = "View+Alert.swift"; sourceTree = "<group>"; };
		2FAC04322D438DA8000E471B /* DataSourceFetchPolicy.swift */ = {isa = PBXFileReference; lastKnownFileType = sourcecode.swift; path = DataSourceFetchPolicy.swift; sourceTree = "<group>"; };
		2FAC04342D43A3A2000E471B /* NetworkServiceRetryPolicy.swift */ = {isa = PBXFileReference; lastKnownFileType = sourcecode.swift; path = NetworkServiceRetryPolicy.swift; sourceTree = "<group>"; };
		2FAC04382D43A612000E471B /* ExchangeRateMO.swift */ = {isa = PBXFileReference; lastKnownFileType = sourcecode.swift; path = ExchangeRateMO.swift; sourceTree = "<group>"; };
		2FAC043A2D43A757000E471B /* ExchangeRateRepository.swift */ = {isa = PBXFileReference; lastKnownFileType = sourcecode.swift; path = ExchangeRateRepository.swift; sourceTree = "<group>"; };
		2FAC043E2D43A7D8000E471B /* ExchangeRateDataSource.swift */ = {isa = PBXFileReference; lastKnownFileType = sourcecode.swift; path = ExchangeRateDataSource.swift; sourceTree = "<group>"; };
		2FDEA9D82D41D77B0034F241 /* AssetDetailViewModel.swift */ = {isa = PBXFileReference; lastKnownFileType = sourcecode.swift; path = AssetDetailViewModel.swift; sourceTree = "<group>"; };
		2FDEA9E12D41DC680034F241 /* DataPointView.swift */ = {isa = PBXFileReference; lastKnownFileType = sourcecode.swift; path = DataPointView.swift; sourceTree = "<group>"; };
		2FDEA9E42D41DD8F0034F241 /* AssetDetailSection.swift */ = {isa = PBXFileReference; lastKnownFileType = sourcecode.swift; path = AssetDetailSection.swift; sourceTree = "<group>"; };
		2FDEA9E62D41E48E0034F241 /* AssetDetailSectionBuilder.swift */ = {isa = PBXFileReference; lastKnownFileType = sourcecode.swift; path = AssetDetailSectionBuilder.swift; sourceTree = "<group>"; };
		2FDEA9E82D41EA210034F241 /* DynamicStack.swift */ = {isa = PBXFileReference; lastKnownFileType = sourcecode.swift; path = DynamicStack.swift; sourceTree = "<group>"; };
		2FDEA9ED2D41F5490034F241 /* AssetBookmarkButton.swift */ = {isa = PBXFileReference; lastKnownFileType = sourcecode.swift; path = AssetBookmarkButton.swift; sourceTree = "<group>"; };
		2FE785492D3A7428002C2B71 /* AssetsNetworkService.swift */ = {isa = PBXFileReference; lastKnownFileType = sourcecode.swift; path = AssetsNetworkService.swift; sourceTree = "<group>"; };
		2FE7854B2D3A7486002C2B71 /* ExchangeRateNetworkService.swift */ = {isa = PBXFileReference; lastKnownFileType = sourcecode.swift; path = ExchangeRateNetworkService.swift; sourceTree = "<group>"; };
		2FE785522D3A7611002C2B71 /* NetworkError.swift */ = {isa = PBXFileReference; lastKnownFileType = sourcecode.swift; path = NetworkError.swift; sourceTree = "<group>"; };
		2FE785542D3A7635002C2B71 /* Host.swift */ = {isa = PBXFileReference; lastKnownFileType = sourcecode.swift; path = Host.swift; sourceTree = "<group>"; };
		2FE785562D3A766E002C2B71 /* Resource.swift */ = {isa = PBXFileReference; lastKnownFileType = sourcecode.swift; path = Resource.swift; sourceTree = "<group>"; };
		2FE785592D3A76A0002C2B71 /* AssetsResource.swift */ = {isa = PBXFileReference; lastKnownFileType = sourcecode.swift; path = AssetsResource.swift; sourceTree = "<group>"; };
		2FE7855B2D3A7768002C2B71 /* ExchangeRateResource.swift */ = {isa = PBXFileReference; lastKnownFileType = sourcecode.swift; path = ExchangeRateResource.swift; sourceTree = "<group>"; };
		2FE785612D3A7B9E002C2B71 /* RequestDecorator.swift */ = {isa = PBXFileReference; lastKnownFileType = sourcecode.swift; path = RequestDecorator.swift; sourceTree = "<group>"; };
		2FFE1EF12D3D17A3000EE296 /* JSONMock.swift */ = {isa = PBXFileReference; lastKnownFileType = sourcecode.swift; path = JSONMock.swift; sourceTree = "<group>"; };
		2FFE1EF32D3D185F000EE296 /* Assets.json */ = {isa = PBXFileReference; lastKnownFileType = text.json; path = Assets.json; sourceTree = "<group>"; };
		2FFE1EF82D3D1BB0000EE296 /* AssetsIcons.json */ = {isa = PBXFileReference; lastKnownFileType = text.json; path = AssetsIcons.json; sourceTree = "<group>"; };
		84E0D1C02D1AE26C00A55CCB /* WB-Test-Template.app */ = {isa = PBXFileReference; explicitFileType = wrapper.application; includeInIndex = 0; path = "WB-Test-Template.app"; sourceTree = BUILT_PRODUCTS_DIR; };
		84E0D1C32D1AE26C00A55CCB /* CryptoMonitorApp.swift */ = {isa = PBXFileReference; lastKnownFileType = sourcecode.swift; path = CryptoMonitorApp.swift; sourceTree = "<group>"; };
		84E0D1C92D1AE26E00A55CCB /* Assets.xcassets */ = {isa = PBXFileReference; lastKnownFileType = folder.assetcatalog; path = Assets.xcassets; sourceTree = "<group>"; };
		84E0D1CC2D1AE26E00A55CCB /* Preview Assets.xcassets */ = {isa = PBXFileReference; lastKnownFileType = folder.assetcatalog; path = "Preview Assets.xcassets"; sourceTree = "<group>"; };
		84E0D1CE2D1AE26E00A55CCB /* Info.plist */ = {isa = PBXFileReference; lastKnownFileType = text.plist.xml; path = Info.plist; sourceTree = "<group>"; };
		84E0D1D32D1AE26E00A55CCB /* WB-Test-TemplateTests.xctest */ = {isa = PBXFileReference; explicitFileType = wrapper.cfbundle; includeInIndex = 0; path = "WB-Test-TemplateTests.xctest"; sourceTree = BUILT_PRODUCTS_DIR; };
		84E0D1D72D1AE26E00A55CCB /* WB_Test_TemplateTests.swift */ = {isa = PBXFileReference; lastKnownFileType = sourcecode.swift; path = WB_Test_TemplateTests.swift; sourceTree = "<group>"; };
		84E0D1DD2D1AE26E00A55CCB /* WB-Test-TemplateUITests.xctest */ = {isa = PBXFileReference; explicitFileType = wrapper.cfbundle; includeInIndex = 0; path = "WB-Test-TemplateUITests.xctest"; sourceTree = BUILT_PRODUCTS_DIR; };
		84E0D1E12D1AE26E00A55CCB /* WB_Test_TemplateUITests.swift */ = {isa = PBXFileReference; lastKnownFileType = sourcecode.swift; path = WB_Test_TemplateUITests.swift; sourceTree = "<group>"; };
		84E0D1E32D1AE26E00A55CCB /* WB_Test_TemplateUITestsLaunchTests.swift */ = {isa = PBXFileReference; lastKnownFileType = sourcecode.swift; path = WB_Test_TemplateUITestsLaunchTests.swift; sourceTree = "<group>"; };
		84E0D1F02D1AE64400A55CCB /* NetworkService.swift */ = {isa = PBXFileReference; fileEncoding = 4; lastKnownFileType = sourcecode.swift; path = NetworkService.swift; sourceTree = "<group>"; };
		84E0D1F42D1AE64400A55CCB /* AssetDetailView.swift */ = {isa = PBXFileReference; fileEncoding = 4; lastKnownFileType = sourcecode.swift; path = AssetDetailView.swift; sourceTree = "<group>"; };
		84E0D1F52D1AE64400A55CCB /* AssetListView.swift */ = {isa = PBXFileReference; fileEncoding = 4; lastKnownFileType = sourcecode.swift; path = AssetListView.swift; sourceTree = "<group>"; };
		84E0D1F72D1AE64400A55CCB /* AssetListViewModel.swift */ = {isa = PBXFileReference; fileEncoding = 4; lastKnownFileType = sourcecode.swift; path = AssetListViewModel.swift; sourceTree = "<group>"; };
/* End PBXFileReference section */

/* Begin PBXFileSystemSynchronizedBuildFileExceptionSet section */
		2F35168A2D48F858003F3CA4 /* PBXFileSystemSynchronizedBuildFileExceptionSet */ = {
			isa = PBXFileSystemSynchronizedBuildFileExceptionSet;
			publicHeaders = (
				CryptoMonitorCore.h,
			);
			target = 2F35167E2D48F858003F3CA4 /* CryptoMonitorCore */;
		};
		2F3516CA2D48FA6D003F3CA4 /* PBXFileSystemSynchronizedBuildFileExceptionSet */ = {
			isa = PBXFileSystemSynchronizedBuildFileExceptionSet;
			publicHeaders = (
				CryptoMonitorModel.h,
			);
			target = 2F3516C12D48FA6D003F3CA4 /* CryptoMonitorModel */;
		};
/* End PBXFileSystemSynchronizedBuildFileExceptionSet section */

/* Begin PBXFileSystemSynchronizedRootGroup section */
		2F3516802D48F858003F3CA4 /* CryptoMonitorCore */ = {isa = PBXFileSystemSynchronizedRootGroup; exceptions = (2F35168A2D48F858003F3CA4 /* PBXFileSystemSynchronizedBuildFileExceptionSet */, ); explicitFileTypes = {}; explicitFolders = (); path = CryptoMonitorCore; sourceTree = "<group>"; };
		2F3516C32D48FA6D003F3CA4 /* CryptoMonitorModel */ = {isa = PBXFileSystemSynchronizedRootGroup; exceptions = (2F3516CA2D48FA6D003F3CA4 /* PBXFileSystemSynchronizedBuildFileExceptionSet */, ); explicitFileTypes = {}; explicitFolders = (); path = CryptoMonitorModel; sourceTree = "<group>"; };
/* End PBXFileSystemSynchronizedRootGroup section */

/* Begin PBXFrameworksBuildPhase section */
		2F35167C2D48F858003F3CA4 /* Frameworks */ = {
			isa = PBXFrameworksBuildPhase;
			buildActionMask = 2147483647;
			files = (
				2F3516BC2D48FA0F003F3CA4 /* Factory in Frameworks */,
			);
			runOnlyForDeploymentPostprocessing = 0;
		};
		2F3516BF2D48FA6D003F3CA4 /* Frameworks */ = {
			isa = PBXFrameworksBuildPhase;
			buildActionMask = 2147483647;
			files = (
				2F3516D22D48FA8B003F3CA4 /* Factory in Frameworks */,
				2F3516D52D48FA9B003F3CA4 /* CryptoMonitorCore.framework in Frameworks */,
			);
			runOnlyForDeploymentPostprocessing = 0;
		};
		84E0D1BD2D1AE26C00A55CCB /* Frameworks */ = {
			isa = PBXFrameworksBuildPhase;
			buildActionMask = 2147483647;
			files = (
				2FE785512D3A753C002C2B71 /* Factory in Frameworks */,
				2FFE1EEC2D3A875D000EE296 /* NukeUI in Frameworks */,
				2F3516C82D48FA6D003F3CA4 /* CryptoMonitorModel.framework in Frameworks */,
				2F3516B82D48F9B3003F3CA4 /* CryptoMonitorCore.framework in Frameworks */,
			);
			runOnlyForDeploymentPostprocessing = 0;
		};
		84E0D1D02D1AE26E00A55CCB /* Frameworks */ = {
			isa = PBXFrameworksBuildPhase;
			buildActionMask = 2147483647;
			files = (
			);
			runOnlyForDeploymentPostprocessing = 0;
		};
		84E0D1DA2D1AE26E00A55CCB /* Frameworks */ = {
			isa = PBXFrameworksBuildPhase;
			buildActionMask = 2147483647;
			files = (
			);
			runOnlyForDeploymentPostprocessing = 0;
		};
/* End PBXFrameworksBuildPhase section */

/* Begin PBXGroup section */
		2F0B8ECC2D47BE8300945173 /* SwiftUI */ = {
			isa = PBXGroup;
			children = (
				2F0B8ECF2D47BEE400945173 /* Alert */,
			);
			path = SwiftUI;
			sourceTree = "<group>";
		};
		2F0B8ECF2D47BEE400945173 /* Alert */ = {
			isa = PBXGroup;
			children = (
				2F0B8ECD2D47BE8800945173 /* AlertState.swift */,
				2F0B8ED02D47BEFA00945173 /* AlertState+Vendor.swift */,
				2F0B8ED22D47BF3800945173 /* AlertStateAction+Vendor.swift */,
			);
			path = Alert;
			sourceTree = "<group>";
		};
		2F48C9B12D3E976C004981F1 /* Models */ = {
			isa = PBXGroup;
			children = (
				2F48C9B22D3E9776004981F1 /* ExchangeRatesResponse.swift */,
			);
			path = Models;
			sourceTree = "<group>";
		};
		2F49AC122D3FD3A8007D6A92 /* Utility */ = {
			isa = PBXGroup;
			children = (
				2F94C1982D47860700EDFE8E /* ConnectivityObserver.swift */,
				2F0B8EC72D47B26E00945173 /* LocalAppStorage.swift */,
				2F49AC172D3FD40B007D6A92 /* Startup Process */,
			);
			path = Utility;
			sourceTree = "<group>";
		};
		2F49AC172D3FD40B007D6A92 /* Startup Process */ = {
			isa = PBXGroup;
			children = (
				2F49AC132D3FD3B0007D6A92 /* StartupProcess.swift */,
				2F49AC152D3FD3B5007D6A92 /* StartupProcessService.swift */,
			);
			path = "Startup Process";
			sourceTree = "<group>";
		};
		2F49AC1A2D3FD465007D6A92 /* Core Data */ = {
			isa = PBXGroup;
			children = (
				2F49AC202D3FD945007D6A92 /* Models */,
				2F49AC1E2D3FD4B4007D6A92 /* CoreDataStack.swift */,
			);
			path = "Core Data";
			sourceTree = "<group>";
		};
		2F49AC202D3FD945007D6A92 /* Models */ = {
			isa = PBXGroup;
			children = (
				2F49AC342D411404007D6A92 /* AssetMO.swift */,
				2FAC04382D43A612000E471B /* ExchangeRateMO.swift */,
				2F49AC1B2D3FD48E007D6A92 /* Model.xcdatamodeld */,
			);
			path = Models;
			sourceTree = "<group>";
		};
		2F49AC232D3FDAD2007D6A92 /* Repositories */ = {
			isa = PBXGroup;
			children = (
				2F49AC362D41147C007D6A92 /* AssetRepository.swift */,
				2FAC043A2D43A757000E471B /* ExchangeRateRepository.swift */,
				2F49AC272D3FE6E3007D6A92 /* Repository.swift */,
			);
			path = Repositories;
			sourceTree = "<group>";
		};
		2F49AC292D3FF2BB007D6A92 /* Core Data */ = {
			isa = PBXGroup;
			children = (
				2F49AC2A2D3FF2C2007D6A92 /* NSManagedObjectContext+Utility.swift */,
			);
			path = "Core Data";
			sourceTree = "<group>";
		};
		2F49AC302D4101A2007D6A92 /* Data */ = {
			isa = PBXGroup;
			children = (
				2F49AC1A2D3FD465007D6A92 /* Core Data */,
				84E0D1F12D1AE64400A55CCB /* Services */,
			);
			path = Data;
			sourceTree = "<group>";
		};
		2F49AC312D4101B6007D6A92 /* Data Sources */ = {
			isa = PBXGroup;
			children = (
				2F49AC3A2D4114FF007D6A92 /* AssetDataSource.swift */,
				2FAC043E2D43A7D8000E471B /* ExchangeRateDataSource.swift */,
				2FAC04322D438DA8000E471B /* DataSourceFetchPolicy.swift */,
			);
			path = "Data Sources";
			sourceTree = "<group>";
		};
		2FA192BD2D47F44B008EB7EE /* Modifiers */ = {
			isa = PBXGroup;
			children = (
				2FA192BE2D47F471008EB7EE /* View+Alert.swift */,
			);
			path = Modifiers;
			sourceTree = "<group>";
		};
		2FDEA9DA2D41DAA50034F241 /* App */ = {
			isa = PBXGroup;
			children = (
				84E0D1C32D1AE26C00A55CCB /* CryptoMonitorApp.swift */,
				2F94C19C2D4787E600EDFE8E /* CryptoMonitorAppView.swift */,
				2F94C19A2D4787AB00EDFE8E /* CryptoMonitorAppViewModel.swift */,
				2FFE1EEF2D3D1777000EE296 /* Common */,
				2FDEA9DB2D41DAAB0034F241 /* Scenes */,
			);
			path = App;
			sourceTree = "<group>";
		};
		2FDEA9DB2D41DAAB0034F241 /* Scenes */ = {
			isa = PBXGroup;
			children = (
				2FDEA9DD2D41DAB80034F241 /* Asset Detail */,
				2FDEA9DC2D41DAB10034F241 /* Asset List */,
			);
			path = Scenes;
			sourceTree = "<group>";
		};
		2FDEA9DC2D41DAB10034F241 /* Asset List */ = {
			isa = PBXGroup;
			children = (
				84E0D1F52D1AE64400A55CCB /* AssetListView.swift */,
				84E0D1F72D1AE64400A55CCB /* AssetListViewModel.swift */,
				2F9269D42D3E89F300DBA5A7 /* AssetListRowView.swift */,
			);
			path = "Asset List";
			sourceTree = "<group>";
		};
		2FDEA9DD2D41DAB80034F241 /* Asset Detail */ = {
			isa = PBXGroup;
			children = (
				84E0D1F42D1AE64400A55CCB /* AssetDetailView.swift */,
				2FDEA9D82D41D77B0034F241 /* AssetDetailViewModel.swift */,
				2FDEA9E32D41DD830034F241 /* Models */,
				2FDEA9EA2D41EBB90034F241 /* Utility */,
			);
			path = "Asset Detail";
			sourceTree = "<group>";
		};
		2FDEA9DE2D41DAE10034F241 /* UI */ = {
			isa = PBXGroup;
			children = (
				2FA192BD2D47F44B008EB7EE /* Modifiers */,
				84E0D1F62D1AE64400A55CCB /* Views */,
			);
			path = UI;
			sourceTree = "<group>";
		};
		2FDEA9E32D41DD830034F241 /* Models */ = {
			isa = PBXGroup;
			children = (
				2FDEA9E42D41DD8F0034F241 /* AssetDetailSection.swift */,
			);
			path = Models;
			sourceTree = "<group>";
		};
		2FDEA9EA2D41EBB90034F241 /* Utility */ = {
			isa = PBXGroup;
			children = (
				2FDEA9E62D41E48E0034F241 /* AssetDetailSectionBuilder.swift */,
			);
			path = Utility;
			sourceTree = "<group>";
		};
		2FE785442D3A6252002C2B71 /* Extensions */ = {
			isa = PBXGroup;
			children = (
				2F49AC292D3FF2BB007D6A92 /* Core Data */,
				2F0B8ECC2D47BE8300945173 /* SwiftUI */,
			);
			path = Extensions;
			sourceTree = "<group>";
		};
		2FE785482D3A723B002C2B71 /* Networking */ = {
			isa = PBXGroup;
			children = (
				2F48C9B12D3E976C004981F1 /* Models */,
				2FE785582D3A7699002C2B71 /* Resources */,
				2FE7855D2D3A77F1002C2B71 /* Services */,
				2FE7855E2D3A77FE002C2B71 /* Utility */,
			);
			path = Networking;
			sourceTree = "<group>";
		};
		2FE7854F2D3A753C002C2B71 /* Frameworks */ = {
			isa = PBXGroup;
			children = (
			);
			name = Frameworks;
			sourceTree = "<group>";
		};
		2FE785582D3A7699002C2B71 /* Resources */ = {
			isa = PBXGroup;
			children = (
				2FE785592D3A76A0002C2B71 /* AssetsResource.swift */,
				2FE7855B2D3A7768002C2B71 /* ExchangeRateResource.swift */,
				2FE785562D3A766E002C2B71 /* Resource.swift */,
			);
			path = Resources;
			sourceTree = "<group>";
		};
		2FE7855D2D3A77F1002C2B71 /* Services */ = {
			isa = PBXGroup;
			children = (
				2FE785492D3A7428002C2B71 /* AssetsNetworkService.swift */,
				2FE7854B2D3A7486002C2B71 /* ExchangeRateNetworkService.swift */,
				84E0D1F02D1AE64400A55CCB /* NetworkService.swift */,
				2FAC04342D43A3A2000E471B /* NetworkServiceRetryPolicy.swift */,
			);
			path = Services;
			sourceTree = "<group>";
		};
		2FE7855E2D3A77FE002C2B71 /* Utility */ = {
			isa = PBXGroup;
			children = (
				2FE785542D3A7635002C2B71 /* Host.swift */,
				2FE785522D3A7611002C2B71 /* NetworkError.swift */,
				2FE785612D3A7B9E002C2B71 /* RequestDecorator.swift */,
			);
			path = Utility;
			sourceTree = "<group>";
		};
		2FFE1EEF2D3D1777000EE296 /* Common */ = {
			isa = PBXGroup;
			children = (
				2F49AC302D4101A2007D6A92 /* Data */,
				2FE785442D3A6252002C2B71 /* Extensions */,
				2FFE1EF02D3D1798000EE296 /* Mocking */,
				2FDEA9DE2D41DAE10034F241 /* UI */,
				2F49AC122D3FD3A8007D6A92 /* Utility */,
				84E0D1F82D1AE64400A55CCB /* View Models */,
			);
			path = Common;
			sourceTree = "<group>";
		};
		2FFE1EF02D3D1798000EE296 /* Mocking */ = {
			isa = PBXGroup;
			children = (
				2FFE1EF12D3D17A3000EE296 /* JSONMock.swift */,
				2FFE1EF32D3D185F000EE296 /* Assets.json */,
				2FFE1EF82D3D1BB0000EE296 /* AssetsIcons.json */,
			);
			path = Mocking;
			sourceTree = "<group>";
		};
		84E0D1B72D1AE26C00A55CCB = {
			isa = PBXGroup;
			children = (
				2F3516802D48F858003F3CA4 /* CryptoMonitorCore */,
				2F3516C32D48FA6D003F3CA4 /* CryptoMonitorModel */,
				2FE7854F2D3A753C002C2B71 /* Frameworks */,
				84E0D1C12D1AE26C00A55CCB /* Products */,
				84E0D1C22D1AE26C00A55CCB /* WB-Test-Template */,
				84E0D1D62D1AE26E00A55CCB /* WB-Test-TemplateTests */,
				84E0D1E02D1AE26E00A55CCB /* WB-Test-TemplateUITests */,
			);
			sourceTree = "<group>";
		};
		84E0D1C12D1AE26C00A55CCB /* Products */ = {
			isa = PBXGroup;
			children = (
				84E0D1C02D1AE26C00A55CCB /* WB-Test-Template.app */,
				84E0D1D32D1AE26E00A55CCB /* WB-Test-TemplateTests.xctest */,
				84E0D1DD2D1AE26E00A55CCB /* WB-Test-TemplateUITests.xctest */,
				2F35167F2D48F858003F3CA4 /* CryptoMonitorCore.framework */,
				2F3516C22D48FA6D003F3CA4 /* CryptoMonitorModel.framework */,
			);
			name = Products;
			sourceTree = "<group>";
		};
		84E0D1C22D1AE26C00A55CCB /* WB-Test-Template */ = {
			isa = PBXGroup;
			children = (
				84E0D1CE2D1AE26E00A55CCB /* Info.plist */,
				2FDEA9DA2D41DAA50034F241 /* App */,
				84E0D1C92D1AE26E00A55CCB /* Assets.xcassets */,
				84E0D1CB2D1AE26E00A55CCB /* Preview Content */,
			);
			path = "WB-Test-Template";
			sourceTree = "<group>";
		};
		84E0D1CB2D1AE26E00A55CCB /* Preview Content */ = {
			isa = PBXGroup;
			children = (
				84E0D1CC2D1AE26E00A55CCB /* Preview Assets.xcassets */,
			);
			path = "Preview Content";
			sourceTree = "<group>";
		};
		84E0D1D62D1AE26E00A55CCB /* WB-Test-TemplateTests */ = {
			isa = PBXGroup;
			children = (
				84E0D1D72D1AE26E00A55CCB /* WB_Test_TemplateTests.swift */,
			);
			path = "WB-Test-TemplateTests";
			sourceTree = "<group>";
		};
		84E0D1E02D1AE26E00A55CCB /* WB-Test-TemplateUITests */ = {
			isa = PBXGroup;
			children = (
				84E0D1E12D1AE26E00A55CCB /* WB_Test_TemplateUITests.swift */,
				84E0D1E32D1AE26E00A55CCB /* WB_Test_TemplateUITestsLaunchTests.swift */,
			);
			path = "WB-Test-TemplateUITests";
			sourceTree = "<group>";
		};
		84E0D1F12D1AE64400A55CCB /* Services */ = {
			isa = PBXGroup;
			children = (
				2F49AC312D4101B6007D6A92 /* Data Sources */,
				2FE785482D3A723B002C2B71 /* Networking */,
				2F49AC232D3FDAD2007D6A92 /* Repositories */,
			);
			path = Services;
			sourceTree = "<group>";
		};
		84E0D1F62D1AE64400A55CCB /* Views */ = {
			isa = PBXGroup;
			children = (
				2F49AC102D3FC9A6007D6A92 /* ActionableView.swift */,
				2FDEA9ED2D41F5490034F241 /* AssetBookmarkButton.swift */,
				2FDEA9E12D41DC680034F241 /* DataPointView.swift */,
				2FDEA9E82D41EA210034F241 /* DynamicStack.swift */,
			);
			path = Views;
			sourceTree = "<group>";
		};
		84E0D1F82D1AE64400A55CCB /* View Models */ = {
			isa = PBXGroup;
			children = (
				2F49AC0E2D3FC915007D6A92 /* ViewModel.swift */,
			);
			path = "View Models";
			sourceTree = "<group>";
		};
/* End PBXGroup section */

/* Begin PBXHeadersBuildPhase section */
		2F35167A2D48F858003F3CA4 /* Headers */ = {
			isa = PBXHeadersBuildPhase;
			buildActionMask = 2147483647;
			files = (
			);
			runOnlyForDeploymentPostprocessing = 0;
		};
		2F3516BD2D48FA6D003F3CA4 /* Headers */ = {
			isa = PBXHeadersBuildPhase;
			buildActionMask = 2147483647;
			files = (
			);
			runOnlyForDeploymentPostprocessing = 0;
		};
/* End PBXHeadersBuildPhase section */

/* Begin PBXNativeTarget section */
		2F35167E2D48F858003F3CA4 /* CryptoMonitorCore */ = {
			isa = PBXNativeTarget;
			buildConfigurationList = 2F35168B2D48F858003F3CA4 /* Build configuration list for PBXNativeTarget "CryptoMonitorCore" */;
			buildPhases = (
				2F35167A2D48F858003F3CA4 /* Headers */,
				2F35167B2D48F858003F3CA4 /* Sources */,
				2F35167C2D48F858003F3CA4 /* Frameworks */,
				2F35167D2D48F858003F3CA4 /* Resources */,
			);
			buildRules = (
			);
			dependencies = (
			);
			fileSystemSynchronizedGroups = (
				2F3516802D48F858003F3CA4 /* CryptoMonitorCore */,
			);
			name = CryptoMonitorCore;
			packageProductDependencies = (
				2F3516BB2D48FA0F003F3CA4 /* Factory */,
			);
			productName = CryptoMonitorCore;
			productReference = 2F35167F2D48F858003F3CA4 /* CryptoMonitorCore.framework */;
			productType = "com.apple.product-type.framework";
		};
		2F3516C12D48FA6D003F3CA4 /* CryptoMonitorModel */ = {
			isa = PBXNativeTarget;
			buildConfigurationList = 2F3516CB2D48FA6D003F3CA4 /* Build configuration list for PBXNativeTarget "CryptoMonitorModel" */;
			buildPhases = (
				2F3516BD2D48FA6D003F3CA4 /* Headers */,
				2F3516BE2D48FA6D003F3CA4 /* Sources */,
				2F3516BF2D48FA6D003F3CA4 /* Frameworks */,
				2F3516C02D48FA6D003F3CA4 /* Resources */,
				2F3516D92D48FA9B003F3CA4 /* Embed Frameworks */,
			);
			buildRules = (
			);
			dependencies = (
				2F3516D42D48FA98003F3CA4 /* PBXTargetDependency */,
				2F3516D82D48FA9B003F3CA4 /* PBXTargetDependency */,
			);
			fileSystemSynchronizedGroups = (
				2F3516C32D48FA6D003F3CA4 /* CryptoMonitorModel */,
			);
			name = CryptoMonitorModel;
			packageProductDependencies = (
				2F3516D12D48FA8B003F3CA4 /* Factory */,
			);
			productName = CryptoMonitorModel;
			productReference = 2F3516C22D48FA6D003F3CA4 /* CryptoMonitorModel.framework */;
			productType = "com.apple.product-type.framework";
		};
		84E0D1BF2D1AE26C00A55CCB /* WB-Test-Template */ = {
			isa = PBXNativeTarget;
			buildConfigurationList = 84E0D1E72D1AE26E00A55CCB /* Build configuration list for PBXNativeTarget "WB-Test-Template" */;
			buildPhases = (
				84E0D1BC2D1AE26C00A55CCB /* Sources */,
				84E0D1BD2D1AE26C00A55CCB /* Frameworks */,
				84E0D1BE2D1AE26C00A55CCB /* Resources */,
				2F49AC3C2D411F22007D6A92 /* SwiftLint */,
				2F3516BA2D48F9B3003F3CA4 /* Embed Frameworks */,
			);
			buildRules = (
			);
			dependencies = (
				2F3516842D48F858003F3CA4 /* PBXTargetDependency */,
				2F3516C72D48FA6D003F3CA4 /* PBXTargetDependency */,
			);
			name = "WB-Test-Template";
			productName = "WB-Test-Template";
			productReference = 84E0D1C02D1AE26C00A55CCB /* WB-Test-Template.app */;
			productType = "com.apple.product-type.application";
		};
		84E0D1D22D1AE26E00A55CCB /* WB-Test-TemplateTests */ = {
			isa = PBXNativeTarget;
			buildConfigurationList = 84E0D1EA2D1AE26E00A55CCB /* Build configuration list for PBXNativeTarget "WB-Test-TemplateTests" */;
			buildPhases = (
				84E0D1CF2D1AE26E00A55CCB /* Sources */,
				84E0D1D02D1AE26E00A55CCB /* Frameworks */,
				84E0D1D12D1AE26E00A55CCB /* Resources */,
			);
			buildRules = (
			);
			dependencies = (
				84E0D1D52D1AE26E00A55CCB /* PBXTargetDependency */,
			);
			name = "WB-Test-TemplateTests";
			productName = "WB-Test-TemplateTests";
			productReference = 84E0D1D32D1AE26E00A55CCB /* WB-Test-TemplateTests.xctest */;
			productType = "com.apple.product-type.bundle.unit-test";
		};
		84E0D1DC2D1AE26E00A55CCB /* WB-Test-TemplateUITests */ = {
			isa = PBXNativeTarget;
			buildConfigurationList = 84E0D1ED2D1AE26E00A55CCB /* Build configuration list for PBXNativeTarget "WB-Test-TemplateUITests" */;
			buildPhases = (
				84E0D1D92D1AE26E00A55CCB /* Sources */,
				84E0D1DA2D1AE26E00A55CCB /* Frameworks */,
				84E0D1DB2D1AE26E00A55CCB /* Resources */,
			);
			buildRules = (
			);
			dependencies = (
				84E0D1DF2D1AE26E00A55CCB /* PBXTargetDependency */,
			);
			name = "WB-Test-TemplateUITests";
			productName = "WB-Test-TemplateUITests";
			productReference = 84E0D1DD2D1AE26E00A55CCB /* WB-Test-TemplateUITests.xctest */;
			productType = "com.apple.product-type.bundle.ui-testing";
		};
/* End PBXNativeTarget section */

/* Begin PBXProject section */
		84E0D1B82D1AE26C00A55CCB /* Project object */ = {
			isa = PBXProject;
			attributes = {
				BuildIndependentTargetsInParallel = 1;
				LastSwiftUpdateCheck = 1540;
				LastUpgradeCheck = 1540;
				TargetAttributes = {
					2F35167E2D48F858003F3CA4 = {
						CreatedOnToolsVersion = 16.2;
					};
					2F3516C12D48FA6D003F3CA4 = {
						CreatedOnToolsVersion = 16.2;
					};
					84E0D1BF2D1AE26C00A55CCB = {
						CreatedOnToolsVersion = 15.4;
					};
					84E0D1D22D1AE26E00A55CCB = {
						CreatedOnToolsVersion = 15.4;
						TestTargetID = 84E0D1BF2D1AE26C00A55CCB;
					};
					84E0D1DC2D1AE26E00A55CCB = {
						CreatedOnToolsVersion = 15.4;
						TestTargetID = 84E0D1BF2D1AE26C00A55CCB;
					};
				};
			};
			buildConfigurationList = 84E0D1BB2D1AE26C00A55CCB /* Build configuration list for PBXProject "WB-Test-Template" */;
			compatibilityVersion = "Xcode 14.0";
			developmentRegion = en;
			hasScannedForEncodings = 0;
			knownRegions = (
				en,
				Base,
			);
			mainGroup = 84E0D1B72D1AE26C00A55CCB;
			packageReferences = (
				2FE7854D2D3A7516002C2B71 /* XCRemoteSwiftPackageReference "Factory" */,
				2FFE1EEA2D3A875D000EE296 /* XCRemoteSwiftPackageReference "Nuke" */,
			);
			productRefGroup = 84E0D1C12D1AE26C00A55CCB /* Products */;
			projectDirPath = "";
			projectRoot = "";
			targets = (
				84E0D1BF2D1AE26C00A55CCB /* WB-Test-Template */,
				84E0D1D22D1AE26E00A55CCB /* WB-Test-TemplateTests */,
				84E0D1DC2D1AE26E00A55CCB /* WB-Test-TemplateUITests */,
				2F35167E2D48F858003F3CA4 /* CryptoMonitorCore */,
				2F3516C12D48FA6D003F3CA4 /* CryptoMonitorModel */,
			);
		};
/* End PBXProject section */

/* Begin PBXResourcesBuildPhase section */
		2F35167D2D48F858003F3CA4 /* Resources */ = {
			isa = PBXResourcesBuildPhase;
			buildActionMask = 2147483647;
			files = (
			);
			runOnlyForDeploymentPostprocessing = 0;
		};
		2F3516C02D48FA6D003F3CA4 /* Resources */ = {
			isa = PBXResourcesBuildPhase;
			buildActionMask = 2147483647;
			files = (
			);
			runOnlyForDeploymentPostprocessing = 0;
		};
		84E0D1BE2D1AE26C00A55CCB /* Resources */ = {
			isa = PBXResourcesBuildPhase;
			buildActionMask = 2147483647;
			files = (
				2FFE1EF52D3D1AA2000EE296 /* Assets.json in Resources */,
				84E0D1CD2D1AE26E00A55CCB /* Preview Assets.xcassets in Resources */,
				84E0D1CA2D1AE26E00A55CCB /* Assets.xcassets in Resources */,
				2FFE1EF92D3D1BB0000EE296 /* AssetsIcons.json in Resources */,
			);
			runOnlyForDeploymentPostprocessing = 0;
		};
		84E0D1D12D1AE26E00A55CCB /* Resources */ = {
			isa = PBXResourcesBuildPhase;
			buildActionMask = 2147483647;
			files = (
			);
			runOnlyForDeploymentPostprocessing = 0;
		};
		84E0D1DB2D1AE26E00A55CCB /* Resources */ = {
			isa = PBXResourcesBuildPhase;
			buildActionMask = 2147483647;
			files = (
			);
			runOnlyForDeploymentPostprocessing = 0;
		};
/* End PBXResourcesBuildPhase section */

/* Begin PBXShellScriptBuildPhase section */
		2F49AC3C2D411F22007D6A92 /* SwiftLint */ = {
			isa = PBXShellScriptBuildPhase;
			buildActionMask = 2147483647;
			files = (
			);
			inputFileListPaths = (
			);
			inputPaths = (
			);
			name = SwiftLint;
			outputFileListPaths = (
			);
			outputPaths = (
			);
			runOnlyForDeploymentPostprocessing = 0;
			shellPath = /bin/zsh;
			shellScript = "if [[ \"$(uname -m)\" == arm64 ]]\nthen\n    export PATH=\"/opt/homebrew/bin:$PATH\"\nfi\n\nif command -v swiftlint >/dev/null 2>&1\nthen\n    swiftlint\nelse\n    echo \"warning: `swiftlint` command not found - See https://github.com/realm/SwiftLint#installation for installation instructions.\"\nfi\n";
		};
/* End PBXShellScriptBuildPhase section */

/* Begin PBXSourcesBuildPhase section */
		2F35167B2D48F858003F3CA4 /* Sources */ = {
			isa = PBXSourcesBuildPhase;
			buildActionMask = 2147483647;
			files = (
			);
			runOnlyForDeploymentPostprocessing = 0;
		};
		2F3516BE2D48FA6D003F3CA4 /* Sources */ = {
			isa = PBXSourcesBuildPhase;
			buildActionMask = 2147483647;
			files = (
			);
			runOnlyForDeploymentPostprocessing = 0;
		};
		84E0D1BC2D1AE26C00A55CCB /* Sources */ = {
			isa = PBXSourcesBuildPhase;
			buildActionMask = 2147483647;
			files = (
				84E0D1C42D1AE26C00A55CCB /* CryptoMonitorApp.swift in Sources */,
				2F94C19D2D4787E600EDFE8E /* CryptoMonitorAppView.swift in Sources */,
				2F0B8ED32D47BF3800945173 /* AlertStateAction+Vendor.swift in Sources */,
				2F94C1992D47860700EDFE8E /* ConnectivityObserver.swift in Sources */,
				2F0B8ECE2D47BE8800945173 /* AlertState.swift in Sources */,
				2FE7854C2D3A7486002C2B71 /* ExchangeRateNetworkService.swift in Sources */,
				2F49AC372D41147C007D6A92 /* AssetRepository.swift in Sources */,
				2FAC04332D438DA8000E471B /* DataSourceFetchPolicy.swift in Sources */,
				2FE785622D3A7B9E002C2B71 /* RequestDecorator.swift in Sources */,
				84E0D1FC2D1AE64400A55CCB /* AssetListView.swift in Sources */,
				2F49AC0F2D3FC915007D6A92 /* ViewModel.swift in Sources */,
				2F49AC3B2D4114FF007D6A92 /* AssetDataSource.swift in Sources */,
				2FE7855A2D3A76A0002C2B71 /* AssetsResource.swift in Sources */,
				2F49AC282D3FE6E3007D6A92 /* Repository.swift in Sources */,
				2F48C9B32D3E9776004981F1 /* ExchangeRatesResponse.swift in Sources */,
				2FFE1EF42D3D1865000EE296 /* Assets.json in Sources */,
				2FE785552D3A7635002C2B71 /* Host.swift in Sources */,
				2FAC04392D43A612000E471B /* ExchangeRateMO.swift in Sources */,
				84E0D1FD2D1AE64400A55CCB /* AssetListViewModel.swift in Sources */,
				2F94C19B2D4787AB00EDFE8E /* CryptoMonitorAppViewModel.swift in Sources */,
				2FDEA9EE2D41F5490034F241 /* AssetBookmarkButton.swift in Sources */,
				2FDEA9E52D41DD8F0034F241 /* AssetDetailSection.swift in Sources */,
				2F0B8ED12D47BEFA00945173 /* AlertState+Vendor.swift in Sources */,
				2FDEA9E22D41DC680034F241 /* DataPointView.swift in Sources */,
				84E0D1FB2D1AE64400A55CCB /* AssetDetailView.swift in Sources */,
				2FA192BF2D47F471008EB7EE /* View+Alert.swift in Sources */,
				2FFE1EF22D3D17A3000EE296 /* JSONMock.swift in Sources */,
				2F49AC352D411404007D6A92 /* AssetMO.swift in Sources */,
				2F9269D52D3E89F300DBA5A7 /* AssetListRowView.swift in Sources */,
				2F49AC1D2D3FD48E007D6A92 /* Model.xcdatamodeld in Sources */,
				2F49AC2B2D3FF2C2007D6A92 /* NSManagedObjectContext+Utility.swift in Sources */,
				2FE7855C2D3A7768002C2B71 /* ExchangeRateResource.swift in Sources */,
				2F49AC112D3FC9A6007D6A92 /* ActionableView.swift in Sources */,
				2FAC043F2D43A7D8000E471B /* ExchangeRateDataSource.swift in Sources */,
				2FAC043B2D43A757000E471B /* ExchangeRateRepository.swift in Sources */,
				84E0D1F92D1AE64400A55CCB /* NetworkService.swift in Sources */,
				2F49AC162D3FD3B5007D6A92 /* StartupProcessService.swift in Sources */,
				2F0B8EC82D47B26E00945173 /* LocalAppStorage.swift in Sources */,
				2FDEA9E72D41E48E0034F241 /* AssetDetailSectionBuilder.swift in Sources */,
				2FE785532D3A7611002C2B71 /* NetworkError.swift in Sources */,
				2FDEA9D92D41D77B0034F241 /* AssetDetailViewModel.swift in Sources */,
				2F49AC142D3FD3B0007D6A92 /* StartupProcess.swift in Sources */,
				2F49AC1F2D3FD4B4007D6A92 /* CoreDataStack.swift in Sources */,
				2FAC04352D43A3A2000E471B /* NetworkServiceRetryPolicy.swift in Sources */,
				2FDEA9E92D41EA210034F241 /* DynamicStack.swift in Sources */,
				2FE7854A2D3A7428002C2B71 /* AssetsNetworkService.swift in Sources */,
				2FE785572D3A766E002C2B71 /* Resource.swift in Sources */,
			);
			runOnlyForDeploymentPostprocessing = 0;
		};
		84E0D1CF2D1AE26E00A55CCB /* Sources */ = {
			isa = PBXSourcesBuildPhase;
			buildActionMask = 2147483647;
			files = (
				84E0D1D82D1AE26E00A55CCB /* WB_Test_TemplateTests.swift in Sources */,
			);
			runOnlyForDeploymentPostprocessing = 0;
		};
		84E0D1D92D1AE26E00A55CCB /* Sources */ = {
			isa = PBXSourcesBuildPhase;
			buildActionMask = 2147483647;
			files = (
				84E0D1E22D1AE26E00A55CCB /* WB_Test_TemplateUITests.swift in Sources */,
				84E0D1E42D1AE26E00A55CCB /* WB_Test_TemplateUITestsLaunchTests.swift in Sources */,
			);
			runOnlyForDeploymentPostprocessing = 0;
		};
/* End PBXSourcesBuildPhase section */

/* Begin PBXTargetDependency section */
		2F3516842D48F858003F3CA4 /* PBXTargetDependency */ = {
			isa = PBXTargetDependency;
			target = 2F35167E2D48F858003F3CA4 /* CryptoMonitorCore */;
			targetProxy = 2F3516832D48F858003F3CA4 /* PBXContainerItemProxy */;
		};
		2F3516C72D48FA6D003F3CA4 /* PBXTargetDependency */ = {
			isa = PBXTargetDependency;
			target = 2F3516C12D48FA6D003F3CA4 /* CryptoMonitorModel */;
			targetProxy = 2F3516C62D48FA6D003F3CA4 /* PBXContainerItemProxy */;
		};
		2F3516D42D48FA98003F3CA4 /* PBXTargetDependency */ = {
			isa = PBXTargetDependency;
			target = 2F35167E2D48F858003F3CA4 /* CryptoMonitorCore */;
			targetProxy = 2F3516D32D48FA98003F3CA4 /* PBXContainerItemProxy */;
		};
		2F3516D82D48FA9B003F3CA4 /* PBXTargetDependency */ = {
			isa = PBXTargetDependency;
			target = 2F35167E2D48F858003F3CA4 /* CryptoMonitorCore */;
			targetProxy = 2F3516D72D48FA9B003F3CA4 /* PBXContainerItemProxy */;
		};
		84E0D1D52D1AE26E00A55CCB /* PBXTargetDependency */ = {
			isa = PBXTargetDependency;
			target = 84E0D1BF2D1AE26C00A55CCB /* WB-Test-Template */;
			targetProxy = 84E0D1D42D1AE26E00A55CCB /* PBXContainerItemProxy */;
		};
		84E0D1DF2D1AE26E00A55CCB /* PBXTargetDependency */ = {
			isa = PBXTargetDependency;
			target = 84E0D1BF2D1AE26C00A55CCB /* WB-Test-Template */;
			targetProxy = 84E0D1DE2D1AE26E00A55CCB /* PBXContainerItemProxy */;
		};
/* End PBXTargetDependency section */

/* Begin XCBuildConfiguration section */
		2F3516882D48F858003F3CA4 /* Debug */ = {
			isa = XCBuildConfiguration;
			buildSettings = {
				BUILD_LIBRARY_FOR_DISTRIBUTION = NO;
				CODE_SIGN_STYLE = Automatic;
				CURRENT_PROJECT_VERSION = 1;
				DEFINES_MODULE = YES;
				DEVELOPMENT_TEAM = 5Y2HY26HKK;
				DYLIB_COMPATIBILITY_VERSION = 1;
				DYLIB_CURRENT_VERSION = 1;
				DYLIB_INSTALL_NAME_BASE = "@rpath";
				ENABLE_MODULE_VERIFIER = YES;
				GENERATE_INFOPLIST_FILE = YES;
				INFOPLIST_KEY_NSHumanReadableCopyright = "";
				INSTALL_PATH = "$(LOCAL_LIBRARY_DIR)/Frameworks";
				IPHONEOS_DEPLOYMENT_TARGET = 16;
				LD_RUNPATH_SEARCH_PATHS = (
					"$(inherited)",
					"@executable_path/Frameworks",
					"@loader_path/Frameworks",
				);
				MARKETING_VERSION = 1.0;
				MODULE_VERIFIER_SUPPORTED_LANGUAGES = "objective-c objective-c++";
				MODULE_VERIFIER_SUPPORTED_LANGUAGE_STANDARDS = "gnu17 gnu++20";
				PRODUCT_BUNDLE_IDENTIFIER = com.whitebox.CryptoMonitorCore;
				PRODUCT_NAME = "$(TARGET_NAME:c99extidentifier)";
				SKIP_INSTALL = YES;
				SWIFT_EMIT_LOC_STRINGS = YES;
				SWIFT_INSTALL_OBJC_HEADER = NO;
				SWIFT_VERSION = 5.0;
				TARGETED_DEVICE_FAMILY = "1,2";
				VERSIONING_SYSTEM = "apple-generic";
				VERSION_INFO_PREFIX = "";
			};
			name = Debug;
		};
		2F3516892D48F858003F3CA4 /* Release */ = {
			isa = XCBuildConfiguration;
			buildSettings = {
				BUILD_LIBRARY_FOR_DISTRIBUTION = NO;
				CODE_SIGN_STYLE = Automatic;
				CURRENT_PROJECT_VERSION = 1;
				DEFINES_MODULE = YES;
				DEVELOPMENT_TEAM = 5Y2HY26HKK;
				DYLIB_COMPATIBILITY_VERSION = 1;
				DYLIB_CURRENT_VERSION = 1;
				DYLIB_INSTALL_NAME_BASE = "@rpath";
				ENABLE_MODULE_VERIFIER = YES;
				GENERATE_INFOPLIST_FILE = YES;
				INFOPLIST_KEY_NSHumanReadableCopyright = "";
				INSTALL_PATH = "$(LOCAL_LIBRARY_DIR)/Frameworks";
				IPHONEOS_DEPLOYMENT_TARGET = 16;
				LD_RUNPATH_SEARCH_PATHS = (
					"$(inherited)",
					"@executable_path/Frameworks",
					"@loader_path/Frameworks",
				);
				MARKETING_VERSION = 1.0;
				MODULE_VERIFIER_SUPPORTED_LANGUAGES = "objective-c objective-c++";
				MODULE_VERIFIER_SUPPORTED_LANGUAGE_STANDARDS = "gnu17 gnu++20";
				PRODUCT_BUNDLE_IDENTIFIER = com.whitebox.CryptoMonitorCore;
				PRODUCT_NAME = "$(TARGET_NAME:c99extidentifier)";
				SKIP_INSTALL = YES;
				SWIFT_EMIT_LOC_STRINGS = YES;
				SWIFT_INSTALL_OBJC_HEADER = NO;
				SWIFT_VERSION = 5.0;
				TARGETED_DEVICE_FAMILY = "1,2";
				VERSIONING_SYSTEM = "apple-generic";
				VERSION_INFO_PREFIX = "";
			};
			name = Release;
		};
		2F3516CC2D48FA6D003F3CA4 /* Debug */ = {
			isa = XCBuildConfiguration;
			buildSettings = {
				BUILD_LIBRARY_FOR_DISTRIBUTION = NO;
				CODE_SIGN_STYLE = Automatic;
				CURRENT_PROJECT_VERSION = 1;
				DEFINES_MODULE = YES;
				DEVELOPMENT_TEAM = 5Y2HY26HKK;
				DYLIB_COMPATIBILITY_VERSION = 1;
				DYLIB_CURRENT_VERSION = 1;
				DYLIB_INSTALL_NAME_BASE = "@rpath";
				ENABLE_MODULE_VERIFIER = YES;
				GENERATE_INFOPLIST_FILE = YES;
				INFOPLIST_KEY_NSHumanReadableCopyright = "";
				INSTALL_PATH = "$(LOCAL_LIBRARY_DIR)/Frameworks";
				IPHONEOS_DEPLOYMENT_TARGET = 16;
				LD_RUNPATH_SEARCH_PATHS = (
					"$(inherited)",
					"@executable_path/Frameworks",
					"@loader_path/Frameworks",
				);
				MARKETING_VERSION = 1.0;
				MODULE_VERIFIER_SUPPORTED_LANGUAGES = "objective-c objective-c++";
				MODULE_VERIFIER_SUPPORTED_LANGUAGE_STANDARDS = "gnu17 gnu++20";
				PRODUCT_BUNDLE_IDENTIFIER = com.whitebox.CryptoMonitorModel;
				PRODUCT_NAME = "$(TARGET_NAME:c99extidentifier)";
				SKIP_INSTALL = YES;
				SWIFT_EMIT_LOC_STRINGS = YES;
				SWIFT_INSTALL_OBJC_HEADER = NO;
				SWIFT_VERSION = 5.0;
				TARGETED_DEVICE_FAMILY = "1,2";
				VERSIONING_SYSTEM = "apple-generic";
				VERSION_INFO_PREFIX = "";
			};
			name = Debug;
		};
		2F3516CD2D48FA6D003F3CA4 /* Release */ = {
			isa = XCBuildConfiguration;
			buildSettings = {
				BUILD_LIBRARY_FOR_DISTRIBUTION = NO;
				CODE_SIGN_STYLE = Automatic;
				CURRENT_PROJECT_VERSION = 1;
				DEFINES_MODULE = YES;
				DEVELOPMENT_TEAM = 5Y2HY26HKK;
				DYLIB_COMPATIBILITY_VERSION = 1;
				DYLIB_CURRENT_VERSION = 1;
				DYLIB_INSTALL_NAME_BASE = "@rpath";
				ENABLE_MODULE_VERIFIER = YES;
				GENERATE_INFOPLIST_FILE = YES;
				INFOPLIST_KEY_NSHumanReadableCopyright = "";
				INSTALL_PATH = "$(LOCAL_LIBRARY_DIR)/Frameworks";
				IPHONEOS_DEPLOYMENT_TARGET = 16;
				LD_RUNPATH_SEARCH_PATHS = (
					"$(inherited)",
					"@executable_path/Frameworks",
					"@loader_path/Frameworks",
				);
				MARKETING_VERSION = 1.0;
				MODULE_VERIFIER_SUPPORTED_LANGUAGES = "objective-c objective-c++";
				MODULE_VERIFIER_SUPPORTED_LANGUAGE_STANDARDS = "gnu17 gnu++20";
				PRODUCT_BUNDLE_IDENTIFIER = com.whitebox.CryptoMonitorModel;
				PRODUCT_NAME = "$(TARGET_NAME:c99extidentifier)";
				SKIP_INSTALL = YES;
				SWIFT_EMIT_LOC_STRINGS = YES;
				SWIFT_INSTALL_OBJC_HEADER = NO;
				SWIFT_VERSION = 5.0;
				TARGETED_DEVICE_FAMILY = "1,2";
				VERSIONING_SYSTEM = "apple-generic";
				VERSION_INFO_PREFIX = "";
			};
			name = Release;
		};
		84E0D1E52D1AE26E00A55CCB /* Debug */ = {
			isa = XCBuildConfiguration;
			buildSettings = {
				ALWAYS_SEARCH_USER_PATHS = NO;
				ASSETCATALOG_COMPILER_GENERATE_SWIFT_ASSET_SYMBOL_EXTENSIONS = YES;
				CLANG_ANALYZER_NONNULL = YES;
				CLANG_ANALYZER_NUMBER_OBJECT_CONVERSION = YES_AGGRESSIVE;
				CLANG_CXX_LANGUAGE_STANDARD = "gnu++20";
				CLANG_ENABLE_MODULES = YES;
				CLANG_ENABLE_OBJC_ARC = YES;
				CLANG_ENABLE_OBJC_WEAK = YES;
				CLANG_WARN_BLOCK_CAPTURE_AUTORELEASING = YES;
				CLANG_WARN_BOOL_CONVERSION = YES;
				CLANG_WARN_COMMA = YES;
				CLANG_WARN_CONSTANT_CONVERSION = YES;
				CLANG_WARN_DEPRECATED_OBJC_IMPLEMENTATIONS = YES;
				CLANG_WARN_DIRECT_OBJC_ISA_USAGE = YES_ERROR;
				CLANG_WARN_DOCUMENTATION_COMMENTS = YES;
				CLANG_WARN_EMPTY_BODY = YES;
				CLANG_WARN_ENUM_CONVERSION = YES;
				CLANG_WARN_INFINITE_RECURSION = YES;
				CLANG_WARN_INT_CONVERSION = YES;
				CLANG_WARN_NON_LITERAL_NULL_CONVERSION = YES;
				CLANG_WARN_OBJC_IMPLICIT_RETAIN_SELF = YES;
				CLANG_WARN_OBJC_LITERAL_CONVERSION = YES;
				CLANG_WARN_OBJC_ROOT_CLASS = YES_ERROR;
				CLANG_WARN_QUOTED_INCLUDE_IN_FRAMEWORK_HEADER = YES;
				CLANG_WARN_RANGE_LOOP_ANALYSIS = YES;
				CLANG_WARN_STRICT_PROTOTYPES = YES;
				CLANG_WARN_SUSPICIOUS_MOVE = YES;
				CLANG_WARN_UNGUARDED_AVAILABILITY = YES_AGGRESSIVE;
				CLANG_WARN_UNREACHABLE_CODE = YES;
				CLANG_WARN__DUPLICATE_METHOD_MATCH = YES;
				COPY_PHASE_STRIP = NO;
				DEBUG_INFORMATION_FORMAT = dwarf;
				ENABLE_STRICT_OBJC_MSGSEND = YES;
				ENABLE_TESTABILITY = YES;
				ENABLE_USER_SCRIPT_SANDBOXING = YES;
				GCC_C_LANGUAGE_STANDARD = gnu17;
				GCC_DYNAMIC_NO_PIC = NO;
				GCC_NO_COMMON_BLOCKS = YES;
				GCC_OPTIMIZATION_LEVEL = 0;
				GCC_PREPROCESSOR_DEFINITIONS = (
					"DEBUG=1",
					"$(inherited)",
				);
				GCC_WARN_64_TO_32_BIT_CONVERSION = YES;
				GCC_WARN_ABOUT_RETURN_TYPE = YES_ERROR;
				GCC_WARN_UNDECLARED_SELECTOR = YES;
				GCC_WARN_UNINITIALIZED_AUTOS = YES_AGGRESSIVE;
				GCC_WARN_UNUSED_FUNCTION = YES;
				GCC_WARN_UNUSED_VARIABLE = YES;
				IPHONEOS_DEPLOYMENT_TARGET = 17.5;
				LOCALIZATION_PREFERS_STRING_CATALOGS = YES;
				MTL_ENABLE_DEBUG_INFO = INCLUDE_SOURCE;
				MTL_FAST_MATH = YES;
				ONLY_ACTIVE_ARCH = YES;
				SDKROOT = iphoneos;
				SWIFT_ACTIVE_COMPILATION_CONDITIONS = "DEBUG $(inherited)";
				SWIFT_OPTIMIZATION_LEVEL = "-Onone";
			};
			name = Debug;
		};
		84E0D1E62D1AE26E00A55CCB /* Release */ = {
			isa = XCBuildConfiguration;
			buildSettings = {
				ALWAYS_SEARCH_USER_PATHS = NO;
				ASSETCATALOG_COMPILER_GENERATE_SWIFT_ASSET_SYMBOL_EXTENSIONS = YES;
				CLANG_ANALYZER_NONNULL = YES;
				CLANG_ANALYZER_NUMBER_OBJECT_CONVERSION = YES_AGGRESSIVE;
				CLANG_CXX_LANGUAGE_STANDARD = "gnu++20";
				CLANG_ENABLE_MODULES = YES;
				CLANG_ENABLE_OBJC_ARC = YES;
				CLANG_ENABLE_OBJC_WEAK = YES;
				CLANG_WARN_BLOCK_CAPTURE_AUTORELEASING = YES;
				CLANG_WARN_BOOL_CONVERSION = YES;
				CLANG_WARN_COMMA = YES;
				CLANG_WARN_CONSTANT_CONVERSION = YES;
				CLANG_WARN_DEPRECATED_OBJC_IMPLEMENTATIONS = YES;
				CLANG_WARN_DIRECT_OBJC_ISA_USAGE = YES_ERROR;
				CLANG_WARN_DOCUMENTATION_COMMENTS = YES;
				CLANG_WARN_EMPTY_BODY = YES;
				CLANG_WARN_ENUM_CONVERSION = YES;
				CLANG_WARN_INFINITE_RECURSION = YES;
				CLANG_WARN_INT_CONVERSION = YES;
				CLANG_WARN_NON_LITERAL_NULL_CONVERSION = YES;
				CLANG_WARN_OBJC_IMPLICIT_RETAIN_SELF = YES;
				CLANG_WARN_OBJC_LITERAL_CONVERSION = YES;
				CLANG_WARN_OBJC_ROOT_CLASS = YES_ERROR;
				CLANG_WARN_QUOTED_INCLUDE_IN_FRAMEWORK_HEADER = YES;
				CLANG_WARN_RANGE_LOOP_ANALYSIS = YES;
				CLANG_WARN_STRICT_PROTOTYPES = YES;
				CLANG_WARN_SUSPICIOUS_MOVE = YES;
				CLANG_WARN_UNGUARDED_AVAILABILITY = YES_AGGRESSIVE;
				CLANG_WARN_UNREACHABLE_CODE = YES;
				CLANG_WARN__DUPLICATE_METHOD_MATCH = YES;
				COPY_PHASE_STRIP = NO;
				DEBUG_INFORMATION_FORMAT = "dwarf-with-dsym";
				ENABLE_NS_ASSERTIONS = NO;
				ENABLE_STRICT_OBJC_MSGSEND = YES;
				ENABLE_USER_SCRIPT_SANDBOXING = YES;
				GCC_C_LANGUAGE_STANDARD = gnu17;
				GCC_NO_COMMON_BLOCKS = YES;
				GCC_WARN_64_TO_32_BIT_CONVERSION = YES;
				GCC_WARN_ABOUT_RETURN_TYPE = YES_ERROR;
				GCC_WARN_UNDECLARED_SELECTOR = YES;
				GCC_WARN_UNINITIALIZED_AUTOS = YES_AGGRESSIVE;
				GCC_WARN_UNUSED_FUNCTION = YES;
				GCC_WARN_UNUSED_VARIABLE = YES;
				IPHONEOS_DEPLOYMENT_TARGET = 17.5;
				LOCALIZATION_PREFERS_STRING_CATALOGS = YES;
				MTL_ENABLE_DEBUG_INFO = NO;
				MTL_FAST_MATH = YES;
				SDKROOT = iphoneos;
				SWIFT_COMPILATION_MODE = wholemodule;
				VALIDATE_PRODUCT = YES;
			};
			name = Release;
		};
		84E0D1E82D1AE26E00A55CCB /* Debug */ = {
			isa = XCBuildConfiguration;
			buildSettings = {
				ASSETCATALOG_COMPILER_APPICON_NAME = AppIcon;
				ASSETCATALOG_COMPILER_GLOBAL_ACCENT_COLOR_NAME = AccentColor;
				CODE_SIGN_STYLE = Automatic;
				CURRENT_PROJECT_VERSION = 1;
				DEVELOPMENT_ASSET_PATHS = "\"WB-Test-Template/Preview Content\"";
				DEVELOPMENT_TEAM = 5Y2HY26HKK;
				ENABLE_PREVIEWS = YES;
				ENABLE_USER_SCRIPT_SANDBOXING = NO;
				GENERATE_INFOPLIST_FILE = YES;
				INFOPLIST_FILE = "WB-Test-Template/Info.plist";
				INFOPLIST_KEY_UIApplicationSceneManifest_Generation = YES;
				INFOPLIST_KEY_UIApplicationSupportsIndirectInputEvents = YES;
				INFOPLIST_KEY_UILaunchScreen_Generation = YES;
				INFOPLIST_KEY_UISupportedInterfaceOrientations_iPad = "UIInterfaceOrientationPortrait UIInterfaceOrientationPortraitUpsideDown UIInterfaceOrientationLandscapeLeft UIInterfaceOrientationLandscapeRight";
				INFOPLIST_KEY_UISupportedInterfaceOrientations_iPhone = "UIInterfaceOrientationPortrait UIInterfaceOrientationLandscapeLeft UIInterfaceOrientationLandscapeRight";
				INFOPLIST_KEY_UISupportsDocumentBrowser = YES;
				IPHONEOS_DEPLOYMENT_TARGET = 16;
				LD_RUNPATH_SEARCH_PATHS = (
					"$(inherited)",
					"@executable_path/Frameworks",
				);
				MARKETING_VERSION = 1.0;
				PRODUCT_BUNDLE_IDENTIFIER = "com.whitebox.crypto-monitor";
				PRODUCT_NAME = "$(TARGET_NAME)";
				SWIFT_EMIT_LOC_STRINGS = YES;
				SWIFT_VERSION = 5.0;
				TARGETED_DEVICE_FAMILY = "1,2";
			};
			name = Debug;
		};
		84E0D1E92D1AE26E00A55CCB /* Release */ = {
			isa = XCBuildConfiguration;
			buildSettings = {
				ASSETCATALOG_COMPILER_APPICON_NAME = AppIcon;
				ASSETCATALOG_COMPILER_GLOBAL_ACCENT_COLOR_NAME = AccentColor;
				CODE_SIGN_STYLE = Automatic;
				CURRENT_PROJECT_VERSION = 1;
				DEVELOPMENT_ASSET_PATHS = "\"WB-Test-Template/Preview Content\"";
				DEVELOPMENT_TEAM = 5Y2HY26HKK;
				ENABLE_PREVIEWS = YES;
				ENABLE_USER_SCRIPT_SANDBOXING = NO;
				GENERATE_INFOPLIST_FILE = YES;
				INFOPLIST_FILE = "WB-Test-Template/Info.plist";
				INFOPLIST_KEY_UIApplicationSceneManifest_Generation = YES;
				INFOPLIST_KEY_UIApplicationSupportsIndirectInputEvents = YES;
				INFOPLIST_KEY_UILaunchScreen_Generation = YES;
				INFOPLIST_KEY_UISupportedInterfaceOrientations_iPad = "UIInterfaceOrientationPortrait UIInterfaceOrientationPortraitUpsideDown UIInterfaceOrientationLandscapeLeft UIInterfaceOrientationLandscapeRight";
				INFOPLIST_KEY_UISupportedInterfaceOrientations_iPhone = "UIInterfaceOrientationPortrait UIInterfaceOrientationLandscapeLeft UIInterfaceOrientationLandscapeRight";
				INFOPLIST_KEY_UISupportsDocumentBrowser = YES;
				IPHONEOS_DEPLOYMENT_TARGET = 16;
				LD_RUNPATH_SEARCH_PATHS = (
					"$(inherited)",
					"@executable_path/Frameworks",
				);
				MARKETING_VERSION = 1.0;
				PRODUCT_BUNDLE_IDENTIFIER = "com.whitebox.crypto-monitor";
				PRODUCT_NAME = "$(TARGET_NAME)";
				SWIFT_EMIT_LOC_STRINGS = YES;
				SWIFT_VERSION = 5.0;
				TARGETED_DEVICE_FAMILY = "1,2";
			};
			name = Release;
		};
		84E0D1EB2D1AE26E00A55CCB /* Debug */ = {
			isa = XCBuildConfiguration;
			buildSettings = {
				ALWAYS_EMBED_SWIFT_STANDARD_LIBRARIES = YES;
				BUNDLE_LOADER = "$(TEST_HOST)";
				CODE_SIGN_STYLE = Automatic;
				CURRENT_PROJECT_VERSION = 1;
				DEVELOPMENT_TEAM = CWV9HNSQMT;
				GENERATE_INFOPLIST_FILE = YES;
				IPHONEOS_DEPLOYMENT_TARGET = 17.5;
				MARKETING_VERSION = 1.0;
				PRODUCT_BUNDLE_IDENTIFIER = "com.whitebox.WB-Test-TemplateTests";
				PRODUCT_NAME = "$(TARGET_NAME)";
				SWIFT_EMIT_LOC_STRINGS = NO;
				SWIFT_VERSION = 5.0;
				TARGETED_DEVICE_FAMILY = "1,2";
				TEST_HOST = "$(BUILT_PRODUCTS_DIR)/WB-Test-Template.app/$(BUNDLE_EXECUTABLE_FOLDER_PATH)/WB-Test-Template";
			};
			name = Debug;
		};
		84E0D1EC2D1AE26E00A55CCB /* Release */ = {
			isa = XCBuildConfiguration;
			buildSettings = {
				ALWAYS_EMBED_SWIFT_STANDARD_LIBRARIES = YES;
				BUNDLE_LOADER = "$(TEST_HOST)";
				CODE_SIGN_STYLE = Automatic;
				CURRENT_PROJECT_VERSION = 1;
				DEVELOPMENT_TEAM = CWV9HNSQMT;
				GENERATE_INFOPLIST_FILE = YES;
				IPHONEOS_DEPLOYMENT_TARGET = 17.5;
				MARKETING_VERSION = 1.0;
				PRODUCT_BUNDLE_IDENTIFIER = "com.whitebox.WB-Test-TemplateTests";
				PRODUCT_NAME = "$(TARGET_NAME)";
				SWIFT_EMIT_LOC_STRINGS = NO;
				SWIFT_VERSION = 5.0;
				TARGETED_DEVICE_FAMILY = "1,2";
				TEST_HOST = "$(BUILT_PRODUCTS_DIR)/WB-Test-Template.app/$(BUNDLE_EXECUTABLE_FOLDER_PATH)/WB-Test-Template";
			};
			name = Release;
		};
		84E0D1EE2D1AE26E00A55CCB /* Debug */ = {
			isa = XCBuildConfiguration;
			buildSettings = {
				ALWAYS_EMBED_SWIFT_STANDARD_LIBRARIES = YES;
				CODE_SIGN_STYLE = Automatic;
				CURRENT_PROJECT_VERSION = 1;
				DEVELOPMENT_TEAM = CWV9HNSQMT;
				GENERATE_INFOPLIST_FILE = YES;
				MARKETING_VERSION = 1.0;
				PRODUCT_BUNDLE_IDENTIFIER = "com.whitebox.WB-Test-TemplateUITests";
				PRODUCT_NAME = "$(TARGET_NAME)";
				SWIFT_EMIT_LOC_STRINGS = NO;
				SWIFT_VERSION = 5.0;
				TARGETED_DEVICE_FAMILY = "1,2";
				TEST_TARGET_NAME = "WB-Test-Template";
			};
			name = Debug;
		};
		84E0D1EF2D1AE26E00A55CCB /* Release */ = {
			isa = XCBuildConfiguration;
			buildSettings = {
				ALWAYS_EMBED_SWIFT_STANDARD_LIBRARIES = YES;
				CODE_SIGN_STYLE = Automatic;
				CURRENT_PROJECT_VERSION = 1;
				DEVELOPMENT_TEAM = CWV9HNSQMT;
				GENERATE_INFOPLIST_FILE = YES;
				MARKETING_VERSION = 1.0;
				PRODUCT_BUNDLE_IDENTIFIER = "com.whitebox.WB-Test-TemplateUITests";
				PRODUCT_NAME = "$(TARGET_NAME)";
				SWIFT_EMIT_LOC_STRINGS = NO;
				SWIFT_VERSION = 5.0;
				TARGETED_DEVICE_FAMILY = "1,2";
				TEST_TARGET_NAME = "WB-Test-Template";
			};
			name = Release;
		};
/* End XCBuildConfiguration section */

/* Begin XCConfigurationList section */
		2F35168B2D48F858003F3CA4 /* Build configuration list for PBXNativeTarget "CryptoMonitorCore" */ = {
			isa = XCConfigurationList;
			buildConfigurations = (
				2F3516882D48F858003F3CA4 /* Debug */,
				2F3516892D48F858003F3CA4 /* Release */,
			);
			defaultConfigurationIsVisible = 0;
			defaultConfigurationName = Release;
		};
		2F3516CB2D48FA6D003F3CA4 /* Build configuration list for PBXNativeTarget "CryptoMonitorModel" */ = {
			isa = XCConfigurationList;
			buildConfigurations = (
				2F3516CC2D48FA6D003F3CA4 /* Debug */,
				2F3516CD2D48FA6D003F3CA4 /* Release */,
			);
			defaultConfigurationIsVisible = 0;
			defaultConfigurationName = Release;
		};
		84E0D1BB2D1AE26C00A55CCB /* Build configuration list for PBXProject "WB-Test-Template" */ = {
			isa = XCConfigurationList;
			buildConfigurations = (
				84E0D1E52D1AE26E00A55CCB /* Debug */,
				84E0D1E62D1AE26E00A55CCB /* Release */,
			);
			defaultConfigurationIsVisible = 0;
			defaultConfigurationName = Release;
		};
		84E0D1E72D1AE26E00A55CCB /* Build configuration list for PBXNativeTarget "WB-Test-Template" */ = {
			isa = XCConfigurationList;
			buildConfigurations = (
				84E0D1E82D1AE26E00A55CCB /* Debug */,
				84E0D1E92D1AE26E00A55CCB /* Release */,
			);
			defaultConfigurationIsVisible = 0;
			defaultConfigurationName = Release;
		};
		84E0D1EA2D1AE26E00A55CCB /* Build configuration list for PBXNativeTarget "WB-Test-TemplateTests" */ = {
			isa = XCConfigurationList;
			buildConfigurations = (
				84E0D1EB2D1AE26E00A55CCB /* Debug */,
				84E0D1EC2D1AE26E00A55CCB /* Release */,
			);
			defaultConfigurationIsVisible = 0;
			defaultConfigurationName = Release;
		};
		84E0D1ED2D1AE26E00A55CCB /* Build configuration list for PBXNativeTarget "WB-Test-TemplateUITests" */ = {
			isa = XCConfigurationList;
			buildConfigurations = (
				84E0D1EE2D1AE26E00A55CCB /* Debug */,
				84E0D1EF2D1AE26E00A55CCB /* Release */,
			);
			defaultConfigurationIsVisible = 0;
			defaultConfigurationName = Release;
		};
/* End XCConfigurationList section */

/* Begin XCRemoteSwiftPackageReference section */
		2FE7854D2D3A7516002C2B71 /* XCRemoteSwiftPackageReference "Factory" */ = {
			isa = XCRemoteSwiftPackageReference;
			repositoryURL = "https://github.com/hmlongco/Factory.git";
			requirement = {
				kind = upToNextMajorVersion;
				minimumVersion = 2.4.3;
			};
		};
		2FFE1EEA2D3A875D000EE296 /* XCRemoteSwiftPackageReference "Nuke" */ = {
			isa = XCRemoteSwiftPackageReference;
			repositoryURL = "https://github.com/kean/Nuke?tab=readme-ov-file";
			requirement = {
				kind = upToNextMajorVersion;
				minimumVersion = 12.8.0;
			};
		};
/* End XCRemoteSwiftPackageReference section */

/* Begin XCSwiftPackageProductDependency section */
		2F3516BB2D48FA0F003F3CA4 /* Factory */ = {
			isa = XCSwiftPackageProductDependency;
			package = 2FE7854D2D3A7516002C2B71 /* XCRemoteSwiftPackageReference "Factory" */;
			productName = Factory;
		};
		2F3516D12D48FA8B003F3CA4 /* Factory */ = {
			isa = XCSwiftPackageProductDependency;
			package = 2FE7854D2D3A7516002C2B71 /* XCRemoteSwiftPackageReference "Factory" */;
			productName = Factory;
		};
		2FE785502D3A753C002C2B71 /* Factory */ = {
			isa = XCSwiftPackageProductDependency;
			package = 2FE7854D2D3A7516002C2B71 /* XCRemoteSwiftPackageReference "Factory" */;
			productName = Factory;
		};
		2FFE1EEB2D3A875D000EE296 /* NukeUI */ = {
			isa = XCSwiftPackageProductDependency;
			package = 2FFE1EEA2D3A875D000EE296 /* XCRemoteSwiftPackageReference "Nuke" */;
			productName = NukeUI;
		};
/* End XCSwiftPackageProductDependency section */

/* Begin XCVersionGroup section */
		2F49AC1B2D3FD48E007D6A92 /* Model.xcdatamodeld */ = {
			isa = XCVersionGroup;
			children = (
				2F49AC1C2D3FD48E007D6A92 /* Model.xcdatamodel */,
			);
			currentVersion = 2F49AC1C2D3FD48E007D6A92 /* Model.xcdatamodel */;
			path = Model.xcdatamodeld;
			sourceTree = "<group>";
			versionGroupType = wrapper.xcdatamodel;
		};
/* End XCVersionGroup section */
	};
	rootObject = 84E0D1B82D1AE26C00A55CCB /* Project object */;
}
