{
  "originHash" : "e3b1d735f344124782c1232f66ffac84e8f96a114b85b3673c19ce92b68ab999",
  "pins" : [
    {
      "identity" : "factory",
      "kind" : "remoteSourceControl",
      "location" : "https://github.com/hmlongco/Factory.git",
      "state" : {
        "revision" : "fb04a8918848e413d3921d346a23bae7f81088d9",
        "version" : "2.4.3"
      }
    },
    {
      "identity" : "nuke?tab=readme-ov-file",
      "kind" : "remoteSourceControl",
      "location" : "https://github.com/kean/Nuke?tab=readme-ov-file",
      "state" : {
        "revision" : "0ead44350d2737db384908569c012fe67c421e4d",
        "version" : "12.8.0"
      }
    }
  ],
  "version" : 3
}
